// !$*UTF8*$!
{
	archiveVersion = 1;
	classes = {
	};
	objectVersion = 50;
	objects = {

/* Begin PBXBuildFile section */
		B63CFF6A2400C32600FF6232 /* AppDelegate.swift in Sources */ = {isa = PBXBuildFile; fileRef = B63CFF692400C32600FF6232 /* AppDelegate.swift */; };
		B63CFF6C2400C32600FF6232 /* SceneDelegate.swift in Sources */ = {isa = PBXBuildFile; fileRef = B63CFF6B2400C32600FF6232 /* SceneDelegate.swift */; };
		B63CFF6E2400C32600FF6232 /* ViewController.swift in Sources */ = {isa = PBXBuildFile; fileRef = B63CFF6D2400C32600FF6232 /* ViewController.swift */; };
		B63CFF712400C32600FF6232 /* Main.storyboard in Resources */ = {isa = PBXBuildFile; fileRef = B63CFF6F2400C32600FF6232 /* Main.storyboard */; };
		B63CFF732400C32A00FF6232 /* Assets.xcassets in Resources */ = {isa = PBXBuildFile; fileRef = B63CFF722400C32A00FF6232 /* Assets.xcassets */; };
		B63CFF762400C32A00FF6232 /* LaunchScreen.storyboard in Resources */ = {isa = PBXBuildFile; fileRef = B63CFF742400C32A00FF6232 /* LaunchScreen.storyboard */; };
		B63CFF812400C32B00FF6232 /* BisaMovieTests.swift in Sources */ = {isa = PBXBuildFile; fileRef = B63CFF802400C32B00FF6232 /* BisaMovieTests.swift */; };
		B63CFF8C2400C32B00FF6232 /* BisaMovieUITests.swift in Sources */ = {isa = PBXBuildFile; fileRef = B63CFF8B2400C32B00FF6232 /* BisaMovieUITests.swift */; };
/* End PBXBuildFile section */

/* Begin PBXContainerItemProxy section */
		B63CFF7D2400C32A00FF6232 /* PBXContainerItemProxy */ = {
			isa = PBXContainerItemProxy;
			containerPortal = B63CFF5E2400C32600FF6232 /* Project object */;
			proxyType = 1;
			remoteGlobalIDString = B63CFF652400C32600FF6232;
			remoteInfo = BisaMovie;
		};
		B63CFF882400C32B00FF6232 /* PBXContainerItemProxy */ = {
			isa = PBXContainerItemProxy;
			containerPortal = B63CFF5E2400C32600FF6232 /* Project object */;
			proxyType = 1;
			remoteGlobalIDString = B63CFF652400C32600FF6232;
			remoteInfo = BisaMovie;
		};
/* End PBXContainerItemProxy section */

/* Begin PBXFileReference section */
		B63CFF662400C32600FF6232 /* BisaMovie.app */ = {isa = PBXFileReference; explicitFileType = wrapper.application; includeInIndex = 0; path = BisaMovie.app; sourceTree = BUILT_PRODUCTS_DIR; };
		B63CFF692400C32600FF6232 /* AppDelegate.swift */ = {isa = PBXFileReference; lastKnownFileType = sourcecode.swift; path = AppDelegate.swift; sourceTree = "<group>"; };
		B63CFF6B2400C32600FF6232 /* SceneDelegate.swift */ = {isa = PBXFileReference; lastKnownFileType = sourcecode.swift; path = SceneDelegate.swift; sourceTree = "<group>"; };
		B63CFF6D2400C32600FF6232 /* ViewController.swift */ = {isa = PBXFileReference; lastKnownFileType = sourcecode.swift; path = ViewController.swift; sourceTree = "<group>"; };
		B63CFF702400C32600FF6232 /* Base */ = {isa = PBXFileReference; lastKnownFileType = file.storyboard; name = Base; path = Base.lproj/Main.storyboard; sourceTree = "<group>"; };
		B63CFF722400C32A00FF6232 /* Assets.xcassets */ = {isa = PBXFileReference; lastKnownFileType = folder.assetcatalog; path = Assets.xcassets; sourceTree = "<group>"; };
		B63CFF752400C32A00FF6232 /* Base */ = {isa = PBXFileReference; lastKnownFileType = file.storyboard; name = Base; path = Base.lproj/LaunchScreen.storyboard; sourceTree = "<group>"; };
		B63CFF772400C32A00FF6232 /* Info.plist */ = {isa = PBXFileReference; lastKnownFileType = text.plist.xml; path = Info.plist; sourceTree = "<group>"; };
		B63CFF7C2400C32A00FF6232 /* BisaMovieTests.xctest */ = {isa = PBXFileReference; explicitFileType = wrapper.cfbundle; includeInIndex = 0; path = BisaMovieTests.xctest; sourceTree = BUILT_PRODUCTS_DIR; };
		B63CFF802400C32B00FF6232 /* BisaMovieTests.swift */ = {isa = PBXFileReference; lastKnownFileType = sourcecode.swift; path = BisaMovieTests.swift; sourceTree = "<group>"; };
		B63CFF822400C32B00FF6232 /* Info.plist */ = {isa = PBXFileReference; lastKnownFileType = text.plist.xml; path = Info.plist; sourceTree = "<group>"; };
		B63CFF872400C32B00FF6232 /* BisaMovieUITests.xctest */ = {isa = PBXFileReference; explicitFileType = wrapper.cfbundle; includeInIndex = 0; path = BisaMovieUITests.xctest; sourceTree = BUILT_PRODUCTS_DIR; };
		B63CFF8B2400C32B00FF6232 /* BisaMovieUITests.swift */ = {isa = PBXFileReference; lastKnownFileType = sourcecode.swift; path = BisaMovieUITests.swift; sourceTree = "<group>"; };
		B63CFF8D2400C32B00FF6232 /* Info.plist */ = {isa = PBXFileReference; lastKnownFileType = text.plist.xml; path = Info.plist; sourceTree = "<group>"; };
/* End PBXFileReference section */

/* Begin PBXFrameworksBuildPhase section */
		B63CFF632400C32600FF6232 /* Frameworks */ = {
			isa = PBXFrameworksBuildPhase;
			buildActionMask = 2147483647;
			files = (
			);
			runOnlyForDeploymentPostprocessing = 0;
		};
		B63CFF792400C32A00FF6232 /* Frameworks */ = {
			isa = PBXFrameworksBuildPhase;
			buildActionMask = 2147483647;
			files = (
			);
			runOnlyForDeploymentPostprocessing = 0;
		};
		B63CFF842400C32B00FF6232 /* Frameworks */ = {
			isa = PBXFrameworksBuildPhase;
			buildActionMask = 2147483647;
			files = (
			);
			runOnlyForDeploymentPostprocessing = 0;
		};
/* End PBXFrameworksBuildPhase section */

/* Begin PBXGroup section */
		B63CFF5D2400C32600FF6232 = {
			isa = PBXGroup;
			children = (
				B63CFF682400C32600FF6232 /* BisaMovie */,
				B63CFF7F2400C32B00FF6232 /* BisaMovieTests */,
				B63CFF8A2400C32B00FF6232 /* BisaMovieUITests */,
				B63CFF672400C32600FF6232 /* Products */,
			);
			sourceTree = "<group>";
		};
		B63CFF672400C32600FF6232 /* Products */ = {
			isa = PBXGroup;
			children = (
				B63CFF662400C32600FF6232 /* BisaMovie.app */,
				B63CFF7C2400C32A00FF6232 /* BisaMovieTests.xctest */,
				B63CFF872400C32B00FF6232 /* BisaMovieUITests.xctest */,
			);
			name = Products;
			sourceTree = "<group>";
		};
		B63CFF682400C32600FF6232 /* BisaMovie */ = {
			isa = PBXGroup;
			children = (
				B63CFF692400C32600FF6232 /* AppDelegate.swift */,
				B63CFF6B2400C32600FF6232 /* SceneDelegate.swift */,
				B63CFF6D2400C32600FF6232 /* ViewController.swift */,
				B63CFF6F2400C32600FF6232 /* Main.storyboard */,
				B63CFF722400C32A00FF6232 /* Assets.xcassets */,
				B63CFF742400C32A00FF6232 /* LaunchScreen.storyboard */,
				B63CFF772400C32A00FF6232 /* Info.plist */,
			);
			path = BisaMovie;
			sourceTree = "<group>";
		};
		B63CFF7F2400C32B00FF6232 /* BisaMovieTests */ = {
			isa = PBXGroup;
			children = (
				B63CFF802400C32B00FF6232 /* BisaMovieTests.swift */,
				B63CFF822400C32B00FF6232 /* Info.plist */,
			);
			path = BisaMovieTests;
			sourceTree = "<group>";
		};
		B63CFF8A2400C32B00FF6232 /* BisaMovieUITests */ = {
			isa = PBXGroup;
			children = (
				B63CFF8B2400C32B00FF6232 /* BisaMovieUITests.swift */,
				B63CFF8D2400C32B00FF6232 /* Info.plist */,
			);
			path = BisaMovieUITests;
			sourceTree = "<group>";
		};
/* End PBXGroup section */

/* Begin PBXNativeTarget section */
		B63CFF652400C32600FF6232 /* BisaMovie */ = {
			isa = PBXNativeTarget;
			buildConfigurationList = B63CFF902400C32B00FF6232 /* Build configuration list for PBXNativeTarget "BisaMovie" */;
			buildPhases = (
				B63CFF622400C32600FF6232 /* Sources */,
				B63CFF632400C32600FF6232 /* Frameworks */,
				B63CFF642400C32600FF6232 /* Resources */,
			);
			buildRules = (
			);
			dependencies = (
			);
			name = BisaMovie;
			productName = BisaMovie;
			productReference = B63CFF662400C32600FF6232 /* BisaMovie.app */;
			productType = "com.apple.product-type.application";
		};
		B63CFF7B2400C32A00FF6232 /* BisaMovieTests */ = {
			isa = PBXNativeTarget;
			buildConfigurationList = B63CFF932400C32B00FF6232 /* Build configuration list for PBXNativeTarget "BisaMovieTests" */;
			buildPhases = (
				B63CFF782400C32A00FF6232 /* Sources */,
				B63CFF792400C32A00FF6232 /* Frameworks */,
				B63CFF7A2400C32A00FF6232 /* Resources */,
			);
			buildRules = (
			);
			dependencies = (
				B63CFF7E2400C32A00FF6232 /* PBXTargetDependency */,
			);
			name = BisaMovieTests;
			productName = BisaMovieTests;
			productReference = B63CFF7C2400C32A00FF6232 /* BisaMovieTests.xctest */;
			productType = "com.apple.product-type.bundle.unit-test";
		};
		B63CFF862400C32B00FF6232 /* BisaMovieUITests */ = {
			isa = PBXNativeTarget;
			buildConfigurationList = B63CFF962400C32B00FF6232 /* Build configuration list for PBXNativeTarget "BisaMovieUITests" */;
			buildPhases = (
				B63CFF832400C32B00FF6232 /* Sources */,
				B63CFF842400C32B00FF6232 /* Frameworks */,
				B63CFF852400C32B00FF6232 /* Resources */,
			);
			buildRules = (
			);
			dependencies = (
				B63CFF892400C32B00FF6232 /* PBXTargetDependency */,
			);
			name = BisaMovieUITests;
			productName = BisaMovieUITests;
			productReference = B63CFF872400C32B00FF6232 /* BisaMovieUITests.xctest */;
			productType = "com.apple.product-type.bundle.ui-testing";
		};
/* End PBXNativeTarget section */

/* Begin PBXProject section */
		B63CFF5E2400C32600FF6232 /* Project object */ = {
			isa = PBXProject;
			attributes = {
				LastSwiftUpdateCheck = 1130;
				LastUpgradeCheck = 1130;
				ORGANIZATIONNAME = "Agus Cahyono";
				TargetAttributes = {
					B63CFF652400C32600FF6232 = {
						CreatedOnToolsVersion = 11.3.1;
					};
					B63CFF7B2400C32A00FF6232 = {
						CreatedOnToolsVersion = 11.3.1;
						TestTargetID = B63CFF652400C32600FF6232;
					};
					B63CFF862400C32B00FF6232 = {
						CreatedOnToolsVersion = 11.3.1;
						TestTargetID = B63CFF652400C32600FF6232;
					};
				};
			};
			buildConfigurationList = B63CFF612400C32600FF6232 /* Build configuration list for PBXProject "BisaMovie" */;
			compatibilityVersion = "Xcode 9.3";
			developmentRegion = en;
			hasScannedForEncodings = 0;
			knownRegions = (
				en,
				Base,
			);
			mainGroup = B63CFF5D2400C32600FF6232;
			productRefGroup = B63CFF672400C32600FF6232 /* Products */;
			projectDirPath = "";
			projectRoot = "";
			targets = (
				B63CFF652400C32600FF6232 /* BisaMovie */,
				B63CFF7B2400C32A00FF6232 /* BisaMovieTests */,
				B63CFF862400C32B00FF6232 /* BisaMovieUITests */,
			);
		};
/* End PBXProject section */

/* Begin PBXResourcesBuildPhase section */
		B63CFF642400C32600FF6232 /* Resources */ = {
			isa = PBXResourcesBuildPhase;
			buildActionMask = 2147483647;
			files = (
				B63CFF762400C32A00FF6232 /* LaunchScreen.storyboard in Resources */,
				B63CFF732400C32A00FF6232 /* Assets.xcassets in Resources */,
				B63CFF712400C32600FF6232 /* Main.storyboard in Resources */,
			);
			runOnlyForDeploymentPostprocessing = 0;
		};
		B63CFF7A2400C32A00FF6232 /* Resources */ = {
			isa = PBXResourcesBuildPhase;
			buildActionMask = 2147483647;
			files = (
			);
			runOnlyForDeploymentPostprocessing = 0;
		};
		B63CFF852400C32B00FF6232 /* Resources */ = {
			isa = PBXResourcesBuildPhase;
			buildActionMask = 2147483647;
			files = (
			);
			runOnlyForDeploymentPostprocessing = 0;
		};
/* End PBXResourcesBuildPhase section */

/* Begin PBXSourcesBuildPhase section */
		B63CFF622400C32600FF6232 /* Sources */ = {
			isa = PBXSourcesBuildPhase;
			buildActionMask = 2147483647;
			files = (
				B63CFF6E2400C32600FF6232 /* ViewController.swift in Sources */,
				B63CFF6A2400C32600FF6232 /* AppDelegate.swift in Sources */,
				B63CFF6C2400C32600FF6232 /* SceneDelegate.swift in Sources */,
			);
			runOnlyForDeploymentPostprocessing = 0;
		};
		B63CFF782400C32A00FF6232 /* Sources */ = {
			isa = PBXSourcesBuildPhase;
			buildActionMask = 2147483647;
			files = (
				B63CFF812400C32B00FF6232 /* BisaMovieTests.swift in Sources */,
			);
			runOnlyForDeploymentPostprocessing = 0;
		};
		B63CFF832400C32B00FF6232 /* Sources */ = {
			isa = PBXSourcesBuildPhase;
			buildActionMask = 2147483647;
			files = (
				B63CFF8C2400C32B00FF6232 /* BisaMovieUITests.swift in Sources */,
			);
			runOnlyForDeploymentPostprocessing = 0;
		};
/* End PBXSourcesBuildPhase section */

/* Begin PBXTargetDependency section */
		B63CFF7E2400C32A00FF6232 /* PBXTargetDependency */ = {
			isa = PBXTargetDependency;
			target = B63CFF652400C32600FF6232 /* BisaMovie */;
			targetProxy = B63CFF7D2400C32A00FF6232 /* PBXContainerItemProxy */;
		};
		B63CFF892400C32B00FF6232 /* PBXTargetDependency */ = {
			isa = PBXTargetDependency;
			target = B63CFF652400C32600FF6232 /* BisaMovie */;
			targetProxy = B63CFF882400C32B00FF6232 /* PBXContainerItemProxy */;
		};
/* End PBXTargetDependency section */

/* Begin PBXVariantGroup section */
		B63CFF6F2400C32600FF6232 /* Main.storyboard */ = {
			isa = PBXVariantGroup;
			children = (
				B63CFF702400C32600FF6232 /* Base */,
			);
			name = Main.storyboard;
			sourceTree = "<group>";
		};
		B63CFF742400C32A00FF6232 /* LaunchScreen.storyboard */ = {
			isa = PBXVariantGroup;
			children = (
				B63CFF752400C32A00FF6232 /* Base */,
			);
			name = LaunchScreen.storyboard;
			sourceTree = "<group>";
		};
/* End PBXVariantGroup section */

/* Begin XCBuildConfiguration section */
		B63CFF8E2400C32B00FF6232 /* Debug */ = {
			isa = XCBuildConfiguration;
			buildSettings = {
				ALWAYS_SEARCH_USER_PATHS = NO;
				CLANG_ANALYZER_NONNULL = YES;
				CLANG_ANALYZER_NUMBER_OBJECT_CONVERSION = YES_AGGRESSIVE;
				CLANG_CXX_LANGUAGE_STANDARD = "gnu++14";
				CLANG_CXX_LIBRARY = "libc++";
				CLANG_ENABLE_MODULES = YES;
				CLANG_ENABLE_OBJC_ARC = YES;
				CLANG_ENABLE_OBJC_WEAK = YES;
				CLANG_WARN_BLOCK_CAPTURE_AUTORELEASING = YES;
				CLANG_WARN_BOOL_CONVERSION = YES;
				CLANG_WARN_COMMA = YES;
				CLANG_WARN_CONSTANT_CONVERSION = YES;
				CLANG_WARN_DEPRECATED_OBJC_IMPLEMENTATIONS = YES;
				CLANG_WARN_DIRECT_OBJC_ISA_USAGE = YES_ERROR;
				CLANG_WARN_DOCUMENTATION_COMMENTS = YES;
				CLANG_WARN_EMPTY_BODY = YES;
				CLANG_WARN_ENUM_CONVERSION = YES;
				CLANG_WARN_INFINITE_RECURSION = YES;
				CLANG_WARN_INT_CONVERSION = YES;
				CLANG_WARN_NON_LITERAL_NULL_CONVERSION = YES;
				CLANG_WARN_OBJC_IMPLICIT_RETAIN_SELF = YES;
				CLANG_WARN_OBJC_LITERAL_CONVERSION = YES;
				CLANG_WARN_OBJC_ROOT_CLASS = YES_ERROR;
				CLANG_WARN_RANGE_LOOP_ANALYSIS = YES;
				CLANG_WARN_STRICT_PROTOTYPES = YES;
				CLANG_WARN_SUSPICIOUS_MOVE = YES;
				CLANG_WARN_UNGUARDED_AVAILABILITY = YES_AGGRESSIVE;
				CLANG_WARN_UNREACHABLE_CODE = YES;
				CLANG_WARN__DUPLICATE_METHOD_MATCH = YES;
				COPY_PHASE_STRIP = NO;
				DEBUG_INFORMATION_FORMAT = dwarf;
				ENABLE_STRICT_OBJC_MSGSEND = YES;
				ENABLE_TESTABILITY = YES;
				GCC_C_LANGUAGE_STANDARD = gnu11;
				GCC_DYNAMIC_NO_PIC = NO;
				GCC_NO_COMMON_BLOCKS = YES;
				GCC_OPTIMIZATION_LEVEL = 0;
				GCC_PREPROCESSOR_DEFINITIONS = (
					"DEBUG=1",
					"$(inherited)",
				);
				GCC_WARN_64_TO_32_BIT_CONVERSION = YES;
				GCC_WARN_ABOUT_RETURN_TYPE = YES_ERROR;
				GCC_WARN_UNDECLARED_SELECTOR = YES;
				GCC_WARN_UNINITIALIZED_AUTOS = YES_AGGRESSIVE;
				GCC_WARN_UNUSED_FUNCTION = YES;
				GCC_WARN_UNUSED_VARIABLE = YES;
				IPHONEOS_DEPLOYMENT_TARGET = 13.2;
				MTL_ENABLE_DEBUG_INFO = INCLUDE_SOURCE;
				MTL_FAST_MATH = YES;
				ONLY_ACTIVE_ARCH = YES;
				SDKROOT = iphoneos;
				SWIFT_ACTIVE_COMPILATION_CONDITIONS = DEBUG;
				SWIFT_OPTIMIZATION_LEVEL = "-Onone";
			};
			name = Debug;
		};
		B63CFF8F2400C32B00FF6232 /* Release */ = {
			isa = XCBuildConfiguration;
			buildSettings = {
				ALWAYS_SEARCH_USER_PATHS = NO;
				CLANG_ANALYZER_NONNULL = YES;
				CLANG_ANALYZER_NUMBER_OBJECT_CONVERSION = YES_AGGRESSIVE;
				CLANG_CXX_LANGUAGE_STANDARD = "gnu++14";
				CLANG_CXX_LIBRARY = "libc++";
				CLANG_ENABLE_MODULES = YES;
				CLANG_ENABLE_OBJC_ARC = YES;
				CLANG_ENABLE_OBJC_WEAK = YES;
				CLANG_WARN_BLOCK_CAPTURE_AUTORELEASING = YES;
				CLANG_WARN_BOOL_CONVERSION = YES;
				CLANG_WARN_COMMA = YES;
				CLANG_WARN_CONSTANT_CONVERSION = YES;
				CLANG_WARN_DEPRECATED_OBJC_IMPLEMENTATIONS = YES;
				CLANG_WARN_DIRECT_OBJC_ISA_USAGE = YES_ERROR;
				CLANG_WARN_DOCUMENTATION_COMMENTS = YES;
				CLANG_WARN_EMPTY_BODY = YES;
				CLANG_WARN_ENUM_CONVERSION = YES;
				CLANG_WARN_INFINITE_RECURSION = YES;
				CLANG_WARN_INT_CONVERSION = YES;
				CLANG_WARN_NON_LITERAL_NULL_CONVERSION = YES;
				CLANG_WARN_OBJC_IMPLICIT_RETAIN_SELF = YES;
				CLANG_WARN_OBJC_LITERAL_CONVERSION = YES;
				CLANG_WARN_OBJC_ROOT_CLASS = YES_ERROR;
				CLANG_WARN_RANGE_LOOP_ANALYSIS = YES;
				CLANG_WARN_STRICT_PROTOTYPES = YES;
				CLANG_WARN_SUSPICIOUS_MOVE = YES;
				CLANG_WARN_UNGUARDED_AVAILABILITY = YES_AGGRESSIVE;
				CLANG_WARN_UNREACHABLE_CODE = YES;
				CLANG_WARN__DUPLICATE_METHOD_MATCH = YES;
				COPY_PHASE_STRIP = NO;
				DEBUG_INFORMATION_FORMAT = "dwarf-with-dsym";
				ENABLE_NS_ASSERTIONS = NO;
				ENABLE_STRICT_OBJC_MSGSEND = YES;
				GCC_C_LANGUAGE_STANDARD = gnu11;
				GCC_NO_COMMON_BLOCKS = YES;
				GCC_WARN_64_TO_32_BIT_CONVERSION = YES;
				GCC_WARN_ABOUT_RETURN_TYPE = YES_ERROR;
				GCC_WARN_UNDECLARED_SELECTOR = YES;
				GCC_WARN_UNINITIALIZED_AUTOS = YES_AGGRESSIVE;
				GCC_WARN_UNUSED_FUNCTION = YES;
				GCC_WARN_UNUSED_VARIABLE = YES;
				IPHONEOS_DEPLOYMENT_TARGET = 13.2;
				MTL_ENABLE_DEBUG_INFO = NO;
				MTL_FAST_MATH = YES;
				SDKROOT = iphoneos;
				SWIFT_COMPILATION_MODE = wholemodule;
				SWIFT_OPTIMIZATION_LEVEL = "-O";
				VALIDATE_PRODUCT = YES;
			};
			name = Release;
		};
		B63CFF912400C32B00FF6232 /* Debug */ = {
			isa = XCBuildConfiguration;
			buildSettings = {
				ASSETCATALOG_COMPILER_APPICON_NAME = AppIcon;
				CODE_SIGN_STYLE = Automatic;
				INFOPLIST_FILE = BisaMovie/Info.plist;
				LD_RUNPATH_SEARCH_PATHS = (
					"$(inherited)",
					"@executable_path/Frameworks",
				);
				PRODUCT_BUNDLE_IDENTIFIER = id.masagus.BisaMovie;
				PRODUCT_NAME = "$(TARGET_NAME)";
				SWIFT_VERSION = 5.0;
				TARGETED_DEVICE_FAMILY = "1,2";
			};
			name = Debug;
		};
		B63CFF922400C32B00FF6232 /* Release */ = {
			isa = XCBuildConfiguration;
			buildSettings = {
				ASSETCATALOG_COMPILER_APPICON_NAME = AppIcon;
				CODE_SIGN_STYLE = Automatic;
				INFOPLIST_FILE = BisaMovie/Info.plist;
				LD_RUNPATH_SEARCH_PATHS = (
					"$(inherited)",
					"@executable_path/Frameworks",
				);
				PRODUCT_BUNDLE_IDENTIFIER = id.masagus.BisaMovie;
				PRODUCT_NAME = "$(TARGET_NAME)";
				SWIFT_VERSION = 5.0;
				TARGETED_DEVICE_FAMILY = "1,2";
			};
			name = Release;
		};
		B63CFF942400C32B00FF6232 /* Debug */ = {
			isa = XCBuildConfiguration;
			buildSettings = {
				ALWAYS_EMBED_SWIFT_STANDARD_LIBRARIES = YES;
				BUNDLE_LOADER = "$(TEST_HOST)";
				CODE_SIGN_STYLE = Automatic;
				INFOPLIST_FILE = BisaMovieTests/Info.plist;
				IPHONEOS_DEPLOYMENT_TARGET = 13.2;
				LD_RUNPATH_SEARCH_PATHS = (
					"$(inherited)",
					"@executable_path/Frameworks",
					"@loader_path/Frameworks",
				);
				PRODUCT_BUNDLE_IDENTIFIER = id.masagus.BisaMovieTests;
				PRODUCT_NAME = "$(TARGET_NAME)";
				SWIFT_VERSION = 5.0;
				TARGETED_DEVICE_FAMILY = "1,2";
				TEST_HOST = "$(BUILT_PRODUCTS_DIR)/BisaMovie.app/BisaMovie";
			};
			name = Debug;
		};
		B63CFF952400C32B00FF6232 /* Release */ = {
			isa = XCBuildConfiguration;
			buildSettings = {
				ALWAYS_EMBED_SWIFT_STANDARD_LIBRARIES = YES;
				BUNDLE_LOADER = "$(TEST_HOST)";
				CODE_SIGN_STYLE = Automatic;
				INFOPLIST_FILE = BisaMovieTests/Info.plist;
				IPHONEOS_DEPLOYMENT_TARGET = 13.2;
				LD_RUNPATH_SEARCH_PATHS = (
					"$(inherited)",
					"@executable_path/Frameworks",
					"@loader_path/Frameworks",
				);
				PRODUCT_BUNDLE_IDENTIFIER = id.masagus.BisaMovieTests;
				PRODUCT_NAME = "$(TARGET_NAME)";
				SWIFT_VERSION = 5.0;
				TARGETED_DEVICE_FAMILY = "1,2";
				TEST_HOST = "$(BUILT_PRODUCTS_DIR)/BisaMovie.app/BisaMovie";
			};
			name = Release;
		};
		B63CFF972400C32B00FF6232 /* Debug */ = {
			isa = XCBuildConfiguration;
			buildSettings = {
				ALWAYS_EMBED_SWIFT_STANDARD_LIBRARIES = YES;
				CODE_SIGN_STYLE = Automatic;
				INFOPLIST_FILE = BisaMovieUITests/Info.plist;
				LD_RUNPATH_SEARCH_PATHS = (
					"$(inherited)",
					"@executable_path/Frameworks",
					"@loader_path/Frameworks",
				);
				PRODUCT_BUNDLE_IDENTIFIER = id.masagus.BisaMovieUITests;
				PRODUCT_NAME = "$(TARGET_NAME)";
				SWIFT_VERSION = 5.0;
				TARGETED_DEVICE_FAMILY = "1,2";
				TEST_TARGET_NAME = BisaMovie;
			};
			name = Debug;
		};
		B63CFF982400C32B00FF6232 /* Release */ = {
			isa = XCBuildConfiguration;
			buildSettings = {
				ALWAYS_EMBED_SWIFT_STANDARD_LIBRARIES = YES;
				CODE_SIGN_STYLE = Automatic;
				INFOPLIST_FILE = BisaMovieUITests/Info.plist;
				LD_RUNPATH_SEARCH_PATHS = (
					"$(inherited)",
					"@executable_path/Frameworks",
					"@loader_path/Frameworks",
				);
				PRODUCT_BUNDLE_IDENTIFIER = id.masagus.BisaMovieUITests;
				PRODUCT_NAME = "$(TARGET_NAME)";
				SWIFT_VERSION = 5.0;
				TARGETED_DEVICE_FAMILY = "1,2";
				TEST_TARGET_NAME = BisaMovie;
			};
			name = Release;
		};
/* End XCBuildConfiguration section */

/* Begin XCConfigurationList section */
		B63CFF612400C32600FF6232 /* Build configuration list for PBXProject "BisaMovie" */ = {
			isa = XCConfigurationList;
			buildConfigurations = (
				B63CFF8E2400C32B00FF6232 /* Debug */,
				B63CFF8F2400C32B00FF6232 /* Release */,
			);
			defaultConfigurationIsVisible = 0;
			defaultConfigurationName = Release;
		};
		B63CFF902400C32B00FF6232 /* Build configuration list for PBXNativeTarget "BisaMovie" */ = {
			isa = XCConfigurationList;
			buildConfigurations = (
				B63CFF912400C32B00FF6232 /* Debug */,
				B63CFF922400C32B00FF6232 /* Release */,
			);
			defaultConfigurationIsVisible = 0;
			defaultConfigurationName = Release;
		};
		B63CFF932400C32B00FF6232 /* Build configuration list for PBXNativeTarget "BisaMovieTests" */ = {
			isa = XCConfigurationList;
			buildConfigurations = (
				B63CFF942400C32B00FF6232 /* Debug */,
				B63CFF952400C32B00FF6232 /* Release */,
			);
			defaultConfigurationIsVisible = 0;
			defaultConfigurationName = Release;
		};
		B63CFF962400C32B00FF6232 /* Build configuration list for PBXNativeTarget "BisaMovieUITests" */ = {
			isa = XCConfigurationList;
			buildConfigurations = (
				B63CFF972400C32B00FF6232 /* Debug */,
				B63CFF982400C32B00FF6232 /* Release */,
			);
			defaultConfigurationIsVisible = 0;
			defaultConfigurationName = Release;
		};
/* End XCConfigurationList section */
	};
	rootObject = B63CFF5E2400C32600FF6232 /* Project object */;
}
