// !$*UTF8*$!
{
	archiveVersion = 1;
	classes = {
	};
	objectVersion = 51;
	objects = {

/* Begin PBXBuildFile section */
		2F501BDF9D71ED70827F67EC /* Pods_BisaMovie_BisaMovieUITests.framework in Frameworks */ = {isa = PBXBuildFile; fileRef = 6D6BA3442D52F4847A98177B /* Pods_BisaMovie_BisaMovieUITests.framework */; };
		7DE722741B7047F3C4789AE1 /* Pods_BisaMovie.framework in Frameworks */ = {isa = PBXBuildFile; fileRef = 18731AA58D0F89129D88D74B /* Pods_BisaMovie.framework */; };
		B60E44A824014FF700854AEE /* ReviewListTableViewCell.swift in Sources */ = {isa = PBXBuildFile; fileRef = B60E44A624014FF700854AEE /* ReviewListTableViewCell.swift */; };
		B60E44A924014FF700854AEE /* ReviewListTableViewCell.xib in Resources */ = {isa = PBXBuildFile; fileRef = B60E44A724014FF700854AEE /* ReviewListTableViewCell.xib */; };
		B60E44AC240150AC00854AEE /* MovieDetailTableViewCell.swift in Sources */ = {isa = PBXBuildFile; fileRef = B60E44AA240150AC00854AEE /* MovieDetailTableViewCell.swift */; };
		B60E44AD240150AC00854AEE /* MovieDetailTableViewCell.xib in Resources */ = {isa = PBXBuildFile; fileRef = B60E44AB240150AC00854AEE /* MovieDetailTableViewCell.xib */; };
		B60E44B02401521A00854AEE /* MovieDetailTableViewCellViewModel.swift in Sources */ = {isa = PBXBuildFile; fileRef = B60E44AF2401521A00854AEE /* MovieDetailTableViewCellViewModel.swift */; };
		B60E44B22401531700854AEE /* DetailMovie.swift in Sources */ = {isa = PBXBuildFile; fileRef = B60E44B12401531700854AEE /* DetailMovie.swift */; };
		B60E44B42401587F00854AEE /* ReviewListTableViewCellViewModel.swift in Sources */ = {isa = PBXBuildFile; fileRef = B60E44B32401587F00854AEE /* ReviewListTableViewCellViewModel.swift */; };
		B60E44B624015CD600854AEE /* Reusable.swift in Sources */ = {isa = PBXBuildFile; fileRef = B60E44B524015CD600854AEE /* Reusable.swift */; };
		B60E44B82401657B00854AEE /* MovieReviewList.swift in Sources */ = {isa = PBXBuildFile; fileRef = B60E44B72401657B00854AEE /* MovieReviewList.swift */; };
		B63CFF6A2400C32600FF6232 /* AppDelegate.swift in Sources */ = {isa = PBXBuildFile; fileRef = B63CFF692400C32600FF6232 /* AppDelegate.swift */; };
		B63CFF732400C32A00FF6232 /* Assets.xcassets in Resources */ = {isa = PBXBuildFile; fileRef = B63CFF722400C32A00FF6232 /* Assets.xcassets */; };
		B63CFF762400C32A00FF6232 /* LaunchScreen.storyboard in Resources */ = {isa = PBXBuildFile; fileRef = B63CFF742400C32A00FF6232 /* LaunchScreen.storyboard */; };
		B63CFF812400C32B00FF6232 /* BisaMovieTests.swift in Sources */ = {isa = PBXBuildFile; fileRef = B63CFF802400C32B00FF6232 /* BisaMovieTests.swift */; };
		B63CFF8C2400C32B00FF6232 /* BisaMovieUITests.swift in Sources */ = {isa = PBXBuildFile; fileRef = B63CFF8B2400C32B00FF6232 /* BisaMovieUITests.swift */; };
		B63CFFA62400C57500FF6232 /* Databaseable.swift in Sources */ = {isa = PBXBuildFile; fileRef = B63CFF9A2400C57500FF6232 /* Databaseable.swift */; };
		B63CFFA72400C57500FF6232 /* ContactStorage.swift in Sources */ = {isa = PBXBuildFile; fileRef = B63CFF9C2400C57500FF6232 /* ContactStorage.swift */; };
		B63CFFAA2400C57500FF6232 /* APIConfiguration.swift in Sources */ = {isa = PBXBuildFile; fileRef = B63CFFA12400C57500FF6232 /* APIConfiguration.swift */; };
		B63CFFAB2400C57500FF6232 /* APIClient.swift in Sources */ = {isa = PBXBuildFile; fileRef = B63CFFA22400C57500FF6232 /* APIClient.swift */; };
		B63CFFAC2400C57500FF6232 /* APIRouter.swift in Sources */ = {isa = PBXBuildFile; fileRef = B63CFFA32400C57500FF6232 /* APIRouter.swift */; };
		B63CFFAD2400C57500FF6232 /* Constant.swift in Sources */ = {isa = PBXBuildFile; fileRef = B63CFFA42400C57500FF6232 /* Constant.swift */; };
		B645BA69240102C200D01956 /* MovieDetailUI.swift in Sources */ = {isa = PBXBuildFile; fileRef = B645BA5B240102C200D01956 /* MovieDetailUI.swift */; };
		B645BA6A240102C200D01956 /* MovieDetailUI.xib in Resources */ = {isa = PBXBuildFile; fileRef = B645BA5C240102C200D01956 /* MovieDetailUI.xib */; };
		B645BA6B240102C200D01956 /* MovieDetailContract.swift in Sources */ = {isa = PBXBuildFile; fileRef = B645BA5E240102C200D01956 /* MovieDetailContract.swift */; };
		B645BA6C240102C200D01956 /* MovieDetailViewModel.swift in Sources */ = {isa = PBXBuildFile; fileRef = B645BA60240102C200D01956 /* MovieDetailViewModel.swift */; };
		B645BA6D240102C200D01956 /* CommonMovieDetailViewCellKind.swift in Sources */ = {isa = PBXBuildFile; fileRef = B645BA61240102C200D01956 /* CommonMovieDetailViewCellKind.swift */; };
		B645BA6E240102C200D01956 /* MovieDetailCellType.swift in Sources */ = {isa = PBXBuildFile; fileRef = B645BA62240102C200D01956 /* MovieDetailCellType.swift */; };
		B645BA6F240102C200D01956 /* MovieDetailPresenter.swift in Sources */ = {isa = PBXBuildFile; fileRef = B645BA64240102C200D01956 /* MovieDetailPresenter.swift */; };
		B645BA70240102C200D01956 /* MovieDetailInteractor.swift in Sources */ = {isa = PBXBuildFile; fileRef = B645BA66240102C200D01956 /* MovieDetailInteractor.swift */; };
		B645BA71240102C200D01956 /* MovieDetailRouter.swift in Sources */ = {isa = PBXBuildFile; fileRef = B645BA68240102C200D01956 /* MovieDetailRouter.swift */; };
		B645BA76240126C700D01956 /* SwiftyToolTip.swift in Sources */ = {isa = PBXBuildFile; fileRef = B645BA75240126C700D01956 /* SwiftyToolTip.swift */; };
		B645BA782401286B00D01956 /* MovieStorage.swift in Sources */ = {isa = PBXBuildFile; fileRef = B645BA772401286B00D01956 /* MovieStorage.swift */; };
		B645BA8B24012A6A00D01956 /* MovieBookmarkUI.xib in Resources */ = {isa = PBXBuildFile; fileRef = B645BA7D24012A6A00D01956 /* MovieBookmarkUI.xib */; };
		B645BA8C24012A6A00D01956 /* MovieBookmarkUI.swift in Sources */ = {isa = PBXBuildFile; fileRef = B645BA7E24012A6A00D01956 /* MovieBookmarkUI.swift */; };
		B645BA8D24012A6A00D01956 /* MovieBookmarkContract.swift in Sources */ = {isa = PBXBuildFile; fileRef = B645BA8024012A6A00D01956 /* MovieBookmarkContract.swift */; };
		B645BA8E24012A6A00D01956 /* CommonMovieBookmarkViewCellKind.swift in Sources */ = {isa = PBXBuildFile; fileRef = B645BA8224012A6A00D01956 /* CommonMovieBookmarkViewCellKind.swift */; };
		B645BA8F24012A6A00D01956 /* MovieBookmarkViewModel.swift in Sources */ = {isa = PBXBuildFile; fileRef = B645BA8324012A6A00D01956 /* MovieBookmarkViewModel.swift */; };
		B645BA9024012A6A00D01956 /* MovieBookmarkCellType.swift in Sources */ = {isa = PBXBuildFile; fileRef = B645BA8424012A6A00D01956 /* MovieBookmarkCellType.swift */; };
		B645BA9124012A6A00D01956 /* MovieBookmarkPresenter.swift in Sources */ = {isa = PBXBuildFile; fileRef = B645BA8624012A6A00D01956 /* MovieBookmarkPresenter.swift */; };
		B645BA9224012A6A00D01956 /* MovieBookmarkInteractor.swift in Sources */ = {isa = PBXBuildFile; fileRef = B645BA8824012A6A00D01956 /* MovieBookmarkInteractor.swift */; };
		B645BA9324012A6A00D01956 /* MovieBookmarkRouter.swift in Sources */ = {isa = PBXBuildFile; fileRef = B645BA8A24012A6A00D01956 /* MovieBookmarkRouter.swift */; };
		B6ABD1182400C68C009B201F /* CellConfigurable.swift in Sources */ = {isa = PBXBuildFile; fileRef = B6ABD1112400C68C009B201F /* CellConfigurable.swift */; };
		B6ABD1192400C68C009B201F /* AlertableView.swift in Sources */ = {isa = PBXBuildFile; fileRef = B6ABD1122400C68C009B201F /* AlertableView.swift */; };
		B6ABD11A2400C68C009B201F /* PresentableView.swift in Sources */ = {isa = PBXBuildFile; fileRef = B6ABD1132400C68C009B201F /* PresentableView.swift */; };
		B6ABD11B2400C68C009B201F /* HasApply.swift in Sources */ = {isa = PBXBuildFile; fileRef = B6ABD1142400C68C009B201F /* HasApply.swift */; };
		B6ABD11C2400C68C009B201F /* CellRepresentable.swift in Sources */ = {isa = PBXBuildFile; fileRef = B6ABD1152400C68C009B201F /* CellRepresentable.swift */; };
		B6ABD11D2400C68C009B201F /* DataSource.swift in Sources */ = {isa = PBXBuildFile; fileRef = B6ABD1162400C68C009B201F /* DataSource.swift */; };
		B6ABD11E2400C68C009B201F /* ViewStateKind.swift in Sources */ = {isa = PBXBuildFile; fileRef = B6ABD1172400C68C009B201F /* ViewStateKind.swift */; };
		B6ABD1322400C844009B201F /* MovieListUI.xib in Resources */ = {isa = PBXBuildFile; fileRef = B6ABD1242400C844009B201F /* MovieListUI.xib */; };
		B6ABD1332400C844009B201F /* MovieListUI.swift in Sources */ = {isa = PBXBuildFile; fileRef = B6ABD1252400C844009B201F /* MovieListUI.swift */; };
		B6ABD1342400C844009B201F /* MovieListContract.swift in Sources */ = {isa = PBXBuildFile; fileRef = B6ABD1272400C844009B201F /* MovieListContract.swift */; };
		B6ABD1352400C844009B201F /* MovieListViewModel.swift in Sources */ = {isa = PBXBuildFile; fileRef = B6ABD1292400C844009B201F /* MovieListViewModel.swift */; };
		B6ABD1362400C844009B201F /* MovieListCellType.swift in Sources */ = {isa = PBXBuildFile; fileRef = B6ABD12A2400C844009B201F /* MovieListCellType.swift */; };
		B6ABD1372400C844009B201F /* CommonMovieListViewCellKind.swift in Sources */ = {isa = PBXBuildFile; fileRef = B6ABD12B2400C844009B201F /* CommonMovieListViewCellKind.swift */; };
		B6ABD1382400C844009B201F /* MovieListPresenter.swift in Sources */ = {isa = PBXBuildFile; fileRef = B6ABD12D2400C844009B201F /* MovieListPresenter.swift */; };
		B6ABD1392400C844009B201F /* MovieListInteractor.swift in Sources */ = {isa = PBXBuildFile; fileRef = B6ABD12F2400C844009B201F /* MovieListInteractor.swift */; };
		B6ABD13A2400C844009B201F /* MovieListRouter.swift in Sources */ = {isa = PBXBuildFile; fileRef = B6ABD1312400C844009B201F /* MovieListRouter.swift */; };
		B6ABD13D2400C883009B201F /* UIColor+Extensions.swift in Sources */ = {isa = PBXBuildFile; fileRef = B6ABD13C2400C883009B201F /* UIColor+Extensions.swift */; };
		B6ABD1412400C9FD009B201F /* MovieListTableViewCell.swift in Sources */ = {isa = PBXBuildFile; fileRef = B6ABD13F2400C9FD009B201F /* MovieListTableViewCell.swift */; };
		B6ABD1422400C9FD009B201F /* MovieListTableViewCell.xib in Resources */ = {isa = PBXBuildFile; fileRef = B6ABD1402400C9FD009B201F /* MovieListTableViewCell.xib */; };
		B6ABD1442400CB98009B201F /* UITableView+Extensions.swift in Sources */ = {isa = PBXBuildFile; fileRef = B6ABD1432400CB98009B201F /* UITableView+Extensions.swift */; };
		B6ABD1482400CC16009B201F /* UIView+Extensions.swift in Sources */ = {isa = PBXBuildFile; fileRef = B6ABD1472400CC16009B201F /* UIView+Extensions.swift */; };
		B6ABD14A2400CC5A009B201F /* GSView.swift in Sources */ = {isa = PBXBuildFile; fileRef = B6ABD1492400CC5A009B201F /* GSView.swift */; };
		B6ABD14C2400D7A2009B201F /* MovieList.swift in Sources */ = {isa = PBXBuildFile; fileRef = B6ABD14B2400D7A2009B201F /* MovieList.swift */; };
		B6ABD14E2400DC39009B201F /* MovieListTableViewCellViewModel.swift in Sources */ = {isa = PBXBuildFile; fileRef = B6ABD14D2400DC39009B201F /* MovieListTableViewCellViewModel.swift */; };
		B6ABD1502400E0E1009B201F /* UIImageView+Extensions.swift in Sources */ = {isa = PBXBuildFile; fileRef = B6ABD14F2400E0E1009B201F /* UIImageView+Extensions.swift */; };
		D06952F36CFC066B0AE1D34E /* Pods_BisaMovieTests.framework in Frameworks */ = {isa = PBXBuildFile; fileRef = F4E7BD7DCD6A04A7A6FF3734 /* Pods_BisaMovieTests.framework */; };
/* End PBXBuildFile section */

/* Begin PBXContainerItemProxy section */
		B63CFF7D2400C32A00FF6232 /* PBXContainerItemProxy */ = {
			isa = PBXContainerItemProxy;
			containerPortal = B63CFF5E2400C32600FF6232 /* Project object */;
			proxyType = 1;
			remoteGlobalIDString = B63CFF652400C32600FF6232;
			remoteInfo = BisaMovie;
		};
		B63CFF882400C32B00FF6232 /* PBXContainerItemProxy */ = {
			isa = PBXContainerItemProxy;
			containerPortal = B63CFF5E2400C32600FF6232 /* Project object */;
			proxyType = 1;
			remoteGlobalIDString = B63CFF652400C32600FF6232;
			remoteInfo = BisaMovie;
		};
/* End PBXContainerItemProxy section */

/* Begin PBXFileReference section */
		18731AA58D0F89129D88D74B /* Pods_BisaMovie.framework */ = {isa = PBXFileReference; explicitFileType = wrapper.framework; includeInIndex = 0; path = Pods_BisaMovie.framework; sourceTree = BUILT_PRODUCTS_DIR; };
		2BC922491F6F7821E4C2E90D /* Pods-BisaMovieTests.release.xcconfig */ = {isa = PBXFileReference; includeInIndex = 1; lastKnownFileType = text.xcconfig; name = "Pods-BisaMovieTests.release.xcconfig"; path = "Target Support Files/Pods-BisaMovieTests/Pods-BisaMovieTests.release.xcconfig"; sourceTree = "<group>"; };
		2F915F18A87303BF561FBB55 /* Pods-BisaMovie.debug.xcconfig */ = {isa = PBXFileReference; includeInIndex = 1; lastKnownFileType = text.xcconfig; name = "Pods-BisaMovie.debug.xcconfig"; path = "Target Support Files/Pods-BisaMovie/Pods-BisaMovie.debug.xcconfig"; sourceTree = "<group>"; };
		51ED29F3522132E81411867B /* Pods-BisaMovie.release.xcconfig */ = {isa = PBXFileReference; includeInIndex = 1; lastKnownFileType = text.xcconfig; name = "Pods-BisaMovie.release.xcconfig"; path = "Target Support Files/Pods-BisaMovie/Pods-BisaMovie.release.xcconfig"; sourceTree = "<group>"; };
		599E0899B58786896E1A1A35 /* Pods-BisaMovie-BisaMovieUITests.debug.xcconfig */ = {isa = PBXFileReference; includeInIndex = 1; lastKnownFileType = text.xcconfig; name = "Pods-BisaMovie-BisaMovieUITests.debug.xcconfig"; path = "Target Support Files/Pods-BisaMovie-BisaMovieUITests/Pods-BisaMovie-BisaMovieUITests.debug.xcconfig"; sourceTree = "<group>"; };
		6D6BA3442D52F4847A98177B /* Pods_BisaMovie_BisaMovieUITests.framework */ = {isa = PBXFileReference; explicitFileType = wrapper.framework; includeInIndex = 0; path = Pods_BisaMovie_BisaMovieUITests.framework; sourceTree = BUILT_PRODUCTS_DIR; };
		B60E44A624014FF700854AEE /* ReviewListTableViewCell.swift */ = {isa = PBXFileReference; lastKnownFileType = sourcecode.swift; path = ReviewListTableViewCell.swift; sourceTree = "<group>"; };
		B60E44A724014FF700854AEE /* ReviewListTableViewCell.xib */ = {isa = PBXFileReference; lastKnownFileType = file.xib; path = ReviewListTableViewCell.xib; sourceTree = "<group>"; };
		B60E44AA240150AC00854AEE /* MovieDetailTableViewCell.swift */ = {isa = PBXFileReference; lastKnownFileType = sourcecode.swift; path = MovieDetailTableViewCell.swift; sourceTree = "<group>"; };
		B60E44AB240150AC00854AEE /* MovieDetailTableViewCell.xib */ = {isa = PBXFileReference; lastKnownFileType = file.xib; path = MovieDetailTableViewCell.xib; sourceTree = "<group>"; };
		B60E44AF2401521A00854AEE /* MovieDetailTableViewCellViewModel.swift */ = {isa = PBXFileReference; lastKnownFileType = sourcecode.swift; path = MovieDetailTableViewCellViewModel.swift; sourceTree = "<group>"; };
		B60E44B12401531700854AEE /* DetailMovie.swift */ = {isa = PBXFileReference; lastKnownFileType = sourcecode.swift; path = DetailMovie.swift; sourceTree = "<group>"; };
		B60E44B32401587F00854AEE /* ReviewListTableViewCellViewModel.swift */ = {isa = PBXFileReference; lastKnownFileType = sourcecode.swift; path = ReviewListTableViewCellViewModel.swift; sourceTree = "<group>"; };
		B60E44B524015CD600854AEE /* Reusable.swift */ = {isa = PBXFileReference; lastKnownFileType = sourcecode.swift; path = Reusable.swift; sourceTree = "<group>"; };
		B60E44B72401657B00854AEE /* MovieReviewList.swift */ = {isa = PBXFileReference; lastKnownFileType = sourcecode.swift; path = MovieReviewList.swift; sourceTree = "<group>"; };
		B63CFF662400C32600FF6232 /* BisaMovie.app */ = {isa = PBXFileReference; explicitFileType = wrapper.application; includeInIndex = 0; path = BisaMovie.app; sourceTree = BUILT_PRODUCTS_DIR; };
		B63CFF692400C32600FF6232 /* AppDelegate.swift */ = {isa = PBXFileReference; lastKnownFileType = sourcecode.swift; name = AppDelegate.swift; path = API/AppDelegate.swift; sourceTree = "<group>"; };
		B63CFF722400C32A00FF6232 /* Assets.xcassets */ = {isa = PBXFileReference; lastKnownFileType = folder.assetcatalog; path = Assets.xcassets; sourceTree = "<group>"; };
		B63CFF752400C32A00FF6232 /* Base */ = {isa = PBXFileReference; lastKnownFileType = file.storyboard; name = Base; path = Base.lproj/LaunchScreen.storyboard; sourceTree = "<group>"; };
		B63CFF772400C32A00FF6232 /* Info.plist */ = {isa = PBXFileReference; lastKnownFileType = text.plist.xml; path = Info.plist; sourceTree = "<group>"; };
		B63CFF7C2400C32A00FF6232 /* BisaMovieTests.xctest */ = {isa = PBXFileReference; explicitFileType = wrapper.cfbundle; includeInIndex = 0; path = BisaMovieTests.xctest; sourceTree = BUILT_PRODUCTS_DIR; };
		B63CFF802400C32B00FF6232 /* BisaMovieTests.swift */ = {isa = PBXFileReference; lastKnownFileType = sourcecode.swift; path = BisaMovieTests.swift; sourceTree = "<group>"; };
		B63CFF822400C32B00FF6232 /* Info.plist */ = {isa = PBXFileReference; lastKnownFileType = text.plist.xml; path = Info.plist; sourceTree = "<group>"; };
		B63CFF872400C32B00FF6232 /* BisaMovieUITests.xctest */ = {isa = PBXFileReference; explicitFileType = wrapper.cfbundle; includeInIndex = 0; path = BisaMovieUITests.xctest; sourceTree = BUILT_PRODUCTS_DIR; };
		B63CFF8B2400C32B00FF6232 /* BisaMovieUITests.swift */ = {isa = PBXFileReference; lastKnownFileType = sourcecode.swift; path = BisaMovieUITests.swift; sourceTree = "<group>"; };
		B63CFF8D2400C32B00FF6232 /* Info.plist */ = {isa = PBXFileReference; lastKnownFileType = text.plist.xml; path = Info.plist; sourceTree = "<group>"; };
		B63CFF9A2400C57500FF6232 /* Databaseable.swift */ = {isa = PBXFileReference; fileEncoding = 4; lastKnownFileType = sourcecode.swift; path = Databaseable.swift; sourceTree = "<group>"; };
		B63CFF9C2400C57500FF6232 /* ContactStorage.swift */ = {isa = PBXFileReference; fileEncoding = 4; lastKnownFileType = sourcecode.swift; path = ContactStorage.swift; sourceTree = "<group>"; };
		B63CFFA12400C57500FF6232 /* APIConfiguration.swift */ = {isa = PBXFileReference; fileEncoding = 4; lastKnownFileType = sourcecode.swift; path = APIConfiguration.swift; sourceTree = "<group>"; };
		B63CFFA22400C57500FF6232 /* APIClient.swift */ = {isa = PBXFileReference; fileEncoding = 4; lastKnownFileType = sourcecode.swift; path = APIClient.swift; sourceTree = "<group>"; };
		B63CFFA32400C57500FF6232 /* APIRouter.swift */ = {isa = PBXFileReference; fileEncoding = 4; lastKnownFileType = sourcecode.swift; path = APIRouter.swift; sourceTree = "<group>"; };
		B63CFFA42400C57500FF6232 /* Constant.swift */ = {isa = PBXFileReference; fileEncoding = 4; lastKnownFileType = sourcecode.swift; path = Constant.swift; sourceTree = "<group>"; };
		B645BA5B240102C200D01956 /* MovieDetailUI.swift */ = {isa = PBXFileReference; fileEncoding = 4; lastKnownFileType = sourcecode.swift; path = MovieDetailUI.swift; sourceTree = "<group>"; };
		B645BA5C240102C200D01956 /* MovieDetailUI.xib */ = {isa = PBXFileReference; fileEncoding = 4; lastKnownFileType = file.xib; path = MovieDetailUI.xib; sourceTree = "<group>"; };
		B645BA5E240102C200D01956 /* MovieDetailContract.swift */ = {isa = PBXFileReference; fileEncoding = 4; lastKnownFileType = sourcecode.swift; path = MovieDetailContract.swift; sourceTree = "<group>"; };
		B645BA60240102C200D01956 /* MovieDetailViewModel.swift */ = {isa = PBXFileReference; fileEncoding = 4; lastKnownFileType = sourcecode.swift; path = MovieDetailViewModel.swift; sourceTree = "<group>"; };
		B645BA61240102C200D01956 /* CommonMovieDetailViewCellKind.swift */ = {isa = PBXFileReference; fileEncoding = 4; lastKnownFileType = sourcecode.swift; path = CommonMovieDetailViewCellKind.swift; sourceTree = "<group>"; };
		B645BA62240102C200D01956 /* MovieDetailCellType.swift */ = {isa = PBXFileReference; fileEncoding = 4; lastKnownFileType = sourcecode.swift; path = MovieDetailCellType.swift; sourceTree = "<group>"; };
		B645BA64240102C200D01956 /* MovieDetailPresenter.swift */ = {isa = PBXFileReference; fileEncoding = 4; lastKnownFileType = sourcecode.swift; path = MovieDetailPresenter.swift; sourceTree = "<group>"; };
		B645BA66240102C200D01956 /* MovieDetailInteractor.swift */ = {isa = PBXFileReference; fileEncoding = 4; lastKnownFileType = sourcecode.swift; path = MovieDetailInteractor.swift; sourceTree = "<group>"; };
		B645BA68240102C200D01956 /* MovieDetailRouter.swift */ = {isa = PBXFileReference; fileEncoding = 4; lastKnownFileType = sourcecode.swift; path = MovieDetailRouter.swift; sourceTree = "<group>"; };
		B645BA75240126C700D01956 /* SwiftyToolTip.swift */ = {isa = PBXFileReference; fileEncoding = 4; lastKnownFileType = sourcecode.swift; path = SwiftyToolTip.swift; sourceTree = "<group>"; };
		B645BA772401286B00D01956 /* MovieStorage.swift */ = {isa = PBXFileReference; lastKnownFileType = sourcecode.swift; path = MovieStorage.swift; sourceTree = "<group>"; };
		B645BA7D24012A6A00D01956 /* MovieBookmarkUI.xib */ = {isa = PBXFileReference; fileEncoding = 4; lastKnownFileType = file.xib; path = MovieBookmarkUI.xib; sourceTree = "<group>"; };
		B645BA7E24012A6A00D01956 /* MovieBookmarkUI.swift */ = {isa = PBXFileReference; fileEncoding = 4; lastKnownFileType = sourcecode.swift; path = MovieBookmarkUI.swift; sourceTree = "<group>"; };
		B645BA8024012A6A00D01956 /* MovieBookmarkContract.swift */ = {isa = PBXFileReference; fileEncoding = 4; lastKnownFileType = sourcecode.swift; path = MovieBookmarkContract.swift; sourceTree = "<group>"; };
		B645BA8224012A6A00D01956 /* CommonMovieBookmarkViewCellKind.swift */ = {isa = PBXFileReference; fileEncoding = 4; lastKnownFileType = sourcecode.swift; path = CommonMovieBookmarkViewCellKind.swift; sourceTree = "<group>"; };
		B645BA8324012A6A00D01956 /* MovieBookmarkViewModel.swift */ = {isa = PBXFileReference; fileEncoding = 4; lastKnownFileType = sourcecode.swift; path = MovieBookmarkViewModel.swift; sourceTree = "<group>"; };
		B645BA8424012A6A00D01956 /* MovieBookmarkCellType.swift */ = {isa = PBXFileReference; fileEncoding = 4; lastKnownFileType = sourcecode.swift; path = MovieBookmarkCellType.swift; sourceTree = "<group>"; };
		B645BA8624012A6A00D01956 /* MovieBookmarkPresenter.swift */ = {isa = PBXFileReference; fileEncoding = 4; lastKnownFileType = sourcecode.swift; path = MovieBookmarkPresenter.swift; sourceTree = "<group>"; };
		B645BA8824012A6A00D01956 /* MovieBookmarkInteractor.swift */ = {isa = PBXFileReference; fileEncoding = 4; lastKnownFileType = sourcecode.swift; path = MovieBookmarkInteractor.swift; sourceTree = "<group>"; };
		B645BA8A24012A6A00D01956 /* MovieBookmarkRouter.swift */ = {isa = PBXFileReference; fileEncoding = 4; lastKnownFileType = sourcecode.swift; path = MovieBookmarkRouter.swift; sourceTree = "<group>"; };
		B6ABD1112400C68C009B201F /* CellConfigurable.swift */ = {isa = PBXFileReference; fileEncoding = 4; lastKnownFileType = sourcecode.swift; path = CellConfigurable.swift; sourceTree = "<group>"; };
		B6ABD1122400C68C009B201F /* AlertableView.swift */ = {isa = PBXFileReference; fileEncoding = 4; lastKnownFileType = sourcecode.swift; path = AlertableView.swift; sourceTree = "<group>"; };
		B6ABD1132400C68C009B201F /* PresentableView.swift */ = {isa = PBXFileReference; fileEncoding = 4; lastKnownFileType = sourcecode.swift; path = PresentableView.swift; sourceTree = "<group>"; };
		B6ABD1142400C68C009B201F /* HasApply.swift */ = {isa = PBXFileReference; fileEncoding = 4; lastKnownFileType = sourcecode.swift; path = HasApply.swift; sourceTree = "<group>"; };
		B6ABD1152400C68C009B201F /* CellRepresentable.swift */ = {isa = PBXFileReference; fileEncoding = 4; lastKnownFileType = sourcecode.swift; path = CellRepresentable.swift; sourceTree = "<group>"; };
		B6ABD1162400C68C009B201F /* DataSource.swift */ = {isa = PBXFileReference; fileEncoding = 4; lastKnownFileType = sourcecode.swift; path = DataSource.swift; sourceTree = "<group>"; };
		B6ABD1172400C68C009B201F /* ViewStateKind.swift */ = {isa = PBXFileReference; fileEncoding = 4; lastKnownFileType = sourcecode.swift; path = ViewStateKind.swift; sourceTree = "<group>"; };
		B6ABD1242400C844009B201F /* MovieListUI.xib */ = {isa = PBXFileReference; fileEncoding = 4; lastKnownFileType = file.xib; path = MovieListUI.xib; sourceTree = "<group>"; };
		B6ABD1252400C844009B201F /* MovieListUI.swift */ = {isa = PBXFileReference; fileEncoding = 4; lastKnownFileType = sourcecode.swift; path = MovieListUI.swift; sourceTree = "<group>"; };
		B6ABD1272400C844009B201F /* MovieListContract.swift */ = {isa = PBXFileReference; fileEncoding = 4; lastKnownFileType = sourcecode.swift; path = MovieListContract.swift; sourceTree = "<group>"; };
		B6ABD1292400C844009B201F /* MovieListViewModel.swift */ = {isa = PBXFileReference; fileEncoding = 4; lastKnownFileType = sourcecode.swift; path = MovieListViewModel.swift; sourceTree = "<group>"; };
		B6ABD12A2400C844009B201F /* MovieListCellType.swift */ = {isa = PBXFileReference; fileEncoding = 4; lastKnownFileType = sourcecode.swift; path = MovieListCellType.swift; sourceTree = "<group>"; };
		B6ABD12B2400C844009B201F /* CommonMovieListViewCellKind.swift */ = {isa = PBXFileReference; fileEncoding = 4; lastKnownFileType = sourcecode.swift; path = CommonMovieListViewCellKind.swift; sourceTree = "<group>"; };
		B6ABD12D2400C844009B201F /* MovieListPresenter.swift */ = {isa = PBXFileReference; fileEncoding = 4; lastKnownFileType = sourcecode.swift; path = MovieListPresenter.swift; sourceTree = "<group>"; };
		B6ABD12F2400C844009B201F /* MovieListInteractor.swift */ = {isa = PBXFileReference; fileEncoding = 4; lastKnownFileType = sourcecode.swift; path = MovieListInteractor.swift; sourceTree = "<group>"; };
		B6ABD1312400C844009B201F /* MovieListRouter.swift */ = {isa = PBXFileReference; fileEncoding = 4; lastKnownFileType = sourcecode.swift; path = MovieListRouter.swift; sourceTree = "<group>"; };
		B6ABD13C2400C883009B201F /* UIColor+Extensions.swift */ = {isa = PBXFileReference; fileEncoding = 4; lastKnownFileType = sourcecode.swift; path = "UIColor+Extensions.swift"; sourceTree = "<group>"; };
		B6ABD13F2400C9FD009B201F /* MovieListTableViewCell.swift */ = {isa = PBXFileReference; lastKnownFileType = sourcecode.swift; path = MovieListTableViewCell.swift; sourceTree = "<group>"; };
		B6ABD1402400C9FD009B201F /* MovieListTableViewCell.xib */ = {isa = PBXFileReference; lastKnownFileType = file.xib; path = MovieListTableViewCell.xib; sourceTree = "<group>"; };
		B6ABD1432400CB98009B201F /* UITableView+Extensions.swift */ = {isa = PBXFileReference; lastKnownFileType = sourcecode.swift; path = "UITableView+Extensions.swift"; sourceTree = "<group>"; };
		B6ABD1472400CC16009B201F /* UIView+Extensions.swift */ = {isa = PBXFileReference; lastKnownFileType = sourcecode.swift; path = "UIView+Extensions.swift"; sourceTree = "<group>"; };
		B6ABD1492400CC5A009B201F /* GSView.swift */ = {isa = PBXFileReference; lastKnownFileType = sourcecode.swift; path = GSView.swift; sourceTree = "<group>"; };
		B6ABD14B2400D7A2009B201F /* MovieList.swift */ = {isa = PBXFileReference; lastKnownFileType = sourcecode.swift; path = MovieList.swift; sourceTree = "<group>"; };
		B6ABD14D2400DC39009B201F /* MovieListTableViewCellViewModel.swift */ = {isa = PBXFileReference; lastKnownFileType = sourcecode.swift; path = MovieListTableViewCellViewModel.swift; sourceTree = "<group>"; };
		B6ABD14F2400E0E1009B201F /* UIImageView+Extensions.swift */ = {isa = PBXFileReference; lastKnownFileType = sourcecode.swift; path = "UIImageView+Extensions.swift"; sourceTree = "<group>"; };
		C33C3DAD5DDFA3C7FD9C007D /* Pods-BisaMovie-BisaMovieUITests.release.xcconfig */ = {isa = PBXFileReference; includeInIndex = 1; lastKnownFileType = text.xcconfig; name = "Pods-BisaMovie-BisaMovieUITests.release.xcconfig"; path = "Target Support Files/Pods-BisaMovie-BisaMovieUITests/Pods-BisaMovie-BisaMovieUITests.release.xcconfig"; sourceTree = "<group>"; };
		F4E7BD7DCD6A04A7A6FF3734 /* Pods_BisaMovieTests.framework */ = {isa = PBXFileReference; explicitFileType = wrapper.framework; includeInIndex = 0; path = Pods_BisaMovieTests.framework; sourceTree = BUILT_PRODUCTS_DIR; };
		FAE8A716C2C98C97FF2FB0C6 /* Pods-BisaMovieTests.debug.xcconfig */ = {isa = PBXFileReference; includeInIndex = 1; lastKnownFileType = text.xcconfig; name = "Pods-BisaMovieTests.debug.xcconfig"; path = "Target Support Files/Pods-BisaMovieTests/Pods-BisaMovieTests.debug.xcconfig"; sourceTree = "<group>"; };
/* End PBXFileReference section */

/* Begin PBXFrameworksBuildPhase section */
		B63CFF632400C32600FF6232 /* Frameworks */ = {
			isa = PBXFrameworksBuildPhase;
			buildActionMask = 2147483647;
			files = (
				7DE722741B7047F3C4789AE1 /* Pods_BisaMovie.framework in Frameworks */,
			);
			runOnlyForDeploymentPostprocessing = 0;
		};
		B63CFF792400C32A00FF6232 /* Frameworks */ = {
			isa = PBXFrameworksBuildPhase;
			buildActionMask = 2147483647;
			files = (
				D06952F36CFC066B0AE1D34E /* Pods_BisaMovieTests.framework in Frameworks */,
			);
			runOnlyForDeploymentPostprocessing = 0;
		};
		B63CFF842400C32B00FF6232 /* Frameworks */ = {
			isa = PBXFrameworksBuildPhase;
			buildActionMask = 2147483647;
			files = (
				2F501BDF9D71ED70827F67EC /* Pods_BisaMovie_BisaMovieUITests.framework in Frameworks */,
			);
			runOnlyForDeploymentPostprocessing = 0;
		};
/* End PBXFrameworksBuildPhase section */

/* Begin PBXGroup section */
		2DF934B50ADD8D153DF77D69 /* Frameworks */ = {
			isa = PBXGroup;
			children = (
				18731AA58D0F89129D88D74B /* Pods_BisaMovie.framework */,
				6D6BA3442D52F4847A98177B /* Pods_BisaMovie_BisaMovieUITests.framework */,
				F4E7BD7DCD6A04A7A6FF3734 /* Pods_BisaMovieTests.framework */,
			);
			name = Frameworks;
			sourceTree = "<group>";
		};
		99C5A54B9B9F9EA31C0A4F4E /* Pods */ = {
			isa = PBXGroup;
			children = (
				2F915F18A87303BF561FBB55 /* Pods-BisaMovie.debug.xcconfig */,
				51ED29F3522132E81411867B /* Pods-BisaMovie.release.xcconfig */,
				599E0899B58786896E1A1A35 /* Pods-BisaMovie-BisaMovieUITests.debug.xcconfig */,
				C33C3DAD5DDFA3C7FD9C007D /* Pods-BisaMovie-BisaMovieUITests.release.xcconfig */,
				FAE8A716C2C98C97FF2FB0C6 /* Pods-BisaMovieTests.debug.xcconfig */,
				2BC922491F6F7821E4C2E90D /* Pods-BisaMovieTests.release.xcconfig */,
			);
			path = Pods;
			sourceTree = "<group>";
		};
		B60E44A524014FE700854AEE /* Components */ = {
			isa = PBXGroup;
			children = (
				B60E44AE2401520D00854AEE /* Entity */,
				B60E44A624014FF700854AEE /* ReviewListTableViewCell.swift */,
				B60E44A724014FF700854AEE /* ReviewListTableViewCell.xib */,
				B60E44AA240150AC00854AEE /* MovieDetailTableViewCell.swift */,
				B60E44AB240150AC00854AEE /* MovieDetailTableViewCell.xib */,
			);
			path = Components;
			sourceTree = "<group>";
		};
		B60E44AE2401520D00854AEE /* Entity */ = {
			isa = PBXGroup;
			children = (
				B60E44AF2401521A00854AEE /* MovieDetailTableViewCellViewModel.swift */,
				B60E44B32401587F00854AEE /* ReviewListTableViewCellViewModel.swift */,
			);
			path = Entity;
			sourceTree = "<group>";
		};
		B60E44B92401658700854AEE /* Storage */ = {
			isa = PBXGroup;
			children = (
				B645BA772401286B00D01956 /* MovieStorage.swift */,
			);
			path = Storage;
			sourceTree = "<group>";
		};
		B63CFF5D2400C32600FF6232 = {
			isa = PBXGroup;
			children = (
				B63CFF682400C32600FF6232 /* BisaMovie */,
				B63CFF7F2400C32B00FF6232 /* BisaMovieTests */,
				B63CFF8A2400C32B00FF6232 /* BisaMovieUITests */,
				B63CFF672400C32600FF6232 /* Products */,
				99C5A54B9B9F9EA31C0A4F4E /* Pods */,
				2DF934B50ADD8D153DF77D69 /* Frameworks */,
			);
			sourceTree = "<group>";
		};
		B63CFF672400C32600FF6232 /* Products */ = {
			isa = PBXGroup;
			children = (
				B63CFF662400C32600FF6232 /* BisaMovie.app */,
				B63CFF7C2400C32A00FF6232 /* BisaMovieTests.xctest */,
				B63CFF872400C32B00FF6232 /* BisaMovieUITests.xctest */,
			);
			name = Products;
			sourceTree = "<group>";
		};
		B63CFF682400C32600FF6232 /* BisaMovie */ = {
			isa = PBXGroup;
			children = (
				B6ABD1102400C68C009B201F /* Protocols */,
				B63CFF992400C57500FF6232 /* App */,
				B6ABD13B2400C877009B201F /* Components */,
				B6ABD11F2400C7DD009B201F /* Modules */,
				B63CFF722400C32A00FF6232 /* Assets.xcassets */,
				B63CFF742400C32A00FF6232 /* LaunchScreen.storyboard */,
				B63CFF772400C32A00FF6232 /* Info.plist */,
			);
			path = BisaMovie;
			sourceTree = "<group>";
		};
		B63CFF7F2400C32B00FF6232 /* BisaMovieTests */ = {
			isa = PBXGroup;
			children = (
				B63CFF802400C32B00FF6232 /* BisaMovieTests.swift */,
				B63CFF822400C32B00FF6232 /* Info.plist */,
			);
			path = BisaMovieTests;
			sourceTree = "<group>";
		};
		B63CFF8A2400C32B00FF6232 /* BisaMovieUITests */ = {
			isa = PBXGroup;
			children = (
				B63CFF8B2400C32B00FF6232 /* BisaMovieUITests.swift */,
				B63CFF8D2400C32B00FF6232 /* Info.plist */,
			);
			path = BisaMovieUITests;
			sourceTree = "<group>";
		};
		B63CFF992400C57500FF6232 /* App */ = {
			isa = PBXGroup;
			children = (
				B63CFF9A2400C57500FF6232 /* Databaseable.swift */,
				B63CFF9B2400C57500FF6232 /* Storage */,
				B63CFF9D2400C57500FF6232 /* Model */,
				B63CFFA02400C57500FF6232 /* API */,
				B63CFF692400C32600FF6232 /* AppDelegate.swift */,
			);
			path = App;
			sourceTree = "<group>";
		};
		B63CFF9B2400C57500FF6232 /* Storage */ = {
			isa = PBXGroup;
			children = (
				B63CFF9C2400C57500FF6232 /* ContactStorage.swift */,
			);
			path = Storage;
			sourceTree = "<group>";
		};
		B63CFF9D2400C57500FF6232 /* Model */ = {
			isa = PBXGroup;
			children = (
				B60E44B92401658700854AEE /* Storage */,
				B6ABD14B2400D7A2009B201F /* MovieList.swift */,
				B60E44B12401531700854AEE /* DetailMovie.swift */,
				B60E44B72401657B00854AEE /* MovieReviewList.swift */,
			);
			path = Model;
			sourceTree = "<group>";
		};
		B63CFFA02400C57500FF6232 /* API */ = {
			isa = PBXGroup;
			children = (
				B63CFFA12400C57500FF6232 /* APIConfiguration.swift */,
				B63CFFA22400C57500FF6232 /* APIClient.swift */,
				B63CFFA32400C57500FF6232 /* APIRouter.swift */,
				B63CFFA42400C57500FF6232 /* Constant.swift */,
			);
			path = API;
			sourceTree = "<group>";
		};
		B645BA59240102C200D01956 /* MovieDetail */ = {
			isa = PBXGroup;
			children = (
				B645BA5A240102C200D01956 /* UI */,
				B645BA5D240102C200D01956 /* Contract */,
				B645BA5F240102C200D01956 /* Entity */,
				B645BA63240102C200D01956 /* Presenter */,
				B645BA65240102C200D01956 /* Interactor */,
				B645BA67240102C200D01956 /* Router */,
			);
			path = MovieDetail;
			sourceTree = "<group>";
		};
		B645BA5A240102C200D01956 /* UI */ = {
			isa = PBXGroup;
			children = (
				B60E44A524014FE700854AEE /* Components */,
				B645BA5B240102C200D01956 /* MovieDetailUI.swift */,
				B645BA5C240102C200D01956 /* MovieDetailUI.xib */,
			);
			path = UI;
			sourceTree = "<group>";
		};
		B645BA5D240102C200D01956 /* Contract */ = {
			isa = PBXGroup;
			children = (
				B645BA5E240102C200D01956 /* MovieDetailContract.swift */,
			);
			path = Contract;
			sourceTree = "<group>";
		};
		B645BA5F240102C200D01956 /* Entity */ = {
			isa = PBXGroup;
			children = (
				B645BA60240102C200D01956 /* MovieDetailViewModel.swift */,
				B645BA61240102C200D01956 /* CommonMovieDetailViewCellKind.swift */,
				B645BA62240102C200D01956 /* MovieDetailCellType.swift */,
			);
			path = Entity;
			sourceTree = "<group>";
		};
		B645BA63240102C200D01956 /* Presenter */ = {
			isa = PBXGroup;
			children = (
				B645BA64240102C200D01956 /* MovieDetailPresenter.swift */,
			);
			path = Presenter;
			sourceTree = "<group>";
		};
		B645BA65240102C200D01956 /* Interactor */ = {
			isa = PBXGroup;
			children = (
				B645BA66240102C200D01956 /* MovieDetailInteractor.swift */,
			);
			path = Interactor;
			sourceTree = "<group>";
		};
		B645BA67240102C200D01956 /* Router */ = {
			isa = PBXGroup;
			children = (
				B645BA68240102C200D01956 /* MovieDetailRouter.swift */,
			);
			path = Router;
			sourceTree = "<group>";
		};
		B645BA7B24012A6A00D01956 /* MovieBookmark */ = {
			isa = PBXGroup;
			children = (
				B645BA7C24012A6A00D01956 /* UI */,
				B645BA7F24012A6A00D01956 /* Contract */,
				B645BA8124012A6A00D01956 /* Entity */,
				B645BA8524012A6A00D01956 /* Presenter */,
				B645BA8724012A6A00D01956 /* Interactor */,
				B645BA8924012A6A00D01956 /* Router */,
			);
			path = MovieBookmark;
			sourceTree = "<group>";
		};
		B645BA7C24012A6A00D01956 /* UI */ = {
			isa = PBXGroup;
			children = (
				B645BA7D24012A6A00D01956 /* MovieBookmarkUI.xib */,
				B645BA7E24012A6A00D01956 /* MovieBookmarkUI.swift */,
			);
			path = UI;
			sourceTree = "<group>";
		};
		B645BA7F24012A6A00D01956 /* Contract */ = {
			isa = PBXGroup;
			children = (
				B645BA8024012A6A00D01956 /* MovieBookmarkContract.swift */,
			);
			path = Contract;
			sourceTree = "<group>";
		};
		B645BA8124012A6A00D01956 /* Entity */ = {
			isa = PBXGroup;
			children = (
				B645BA8224012A6A00D01956 /* CommonMovieBookmarkViewCellKind.swift */,
				B645BA8324012A6A00D01956 /* MovieBookmarkViewModel.swift */,
				B645BA8424012A6A00D01956 /* MovieBookmarkCellType.swift */,
			);
			path = Entity;
			sourceTree = "<group>";
		};
		B645BA8524012A6A00D01956 /* Presenter */ = {
			isa = PBXGroup;
			children = (
				B645BA8624012A6A00D01956 /* MovieBookmarkPresenter.swift */,
			);
			path = Presenter;
			sourceTree = "<group>";
		};
		B645BA8724012A6A00D01956 /* Interactor */ = {
			isa = PBXGroup;
			children = (
				B645BA8824012A6A00D01956 /* MovieBookmarkInteractor.swift */,
			);
			path = Interactor;
			sourceTree = "<group>";
		};
		B645BA8924012A6A00D01956 /* Router */ = {
			isa = PBXGroup;
			children = (
				B645BA8A24012A6A00D01956 /* MovieBookmarkRouter.swift */,
			);
			path = Router;
			sourceTree = "<group>";
		};
		B6ABD1102400C68C009B201F /* Protocols */ = {
			isa = PBXGroup;
			children = (
				B6ABD1112400C68C009B201F /* CellConfigurable.swift */,
				B6ABD1122400C68C009B201F /* AlertableView.swift */,
				B6ABD1132400C68C009B201F /* PresentableView.swift */,
				B6ABD1142400C68C009B201F /* HasApply.swift */,
				B6ABD1152400C68C009B201F /* CellRepresentable.swift */,
				B6ABD1162400C68C009B201F /* DataSource.swift */,
				B6ABD1172400C68C009B201F /* ViewStateKind.swift */,
				B60E44B524015CD600854AEE /* Reusable.swift */,
			);
			path = Protocols;
			sourceTree = "<group>";
		};
		B6ABD11F2400C7DD009B201F /* Modules */ = {
			isa = PBXGroup;
			children = (
				B6ABD1222400C844009B201F /* MovieList */,
				B645BA59240102C200D01956 /* MovieDetail */,
				B645BA7B24012A6A00D01956 /* MovieBookmark */,
			);
			path = Modules;
			sourceTree = "<group>";
		};
		B6ABD1222400C844009B201F /* MovieList */ = {
			isa = PBXGroup;
			children = (
				B6ABD1232400C844009B201F /* UI */,
				B6ABD1262400C844009B201F /* Contract */,
				B6ABD1282400C844009B201F /* Entity */,
				B6ABD12C2400C844009B201F /* Presenter */,
				B6ABD12E2400C844009B201F /* Interactor */,
				B6ABD1302400C844009B201F /* Router */,
			);
			path = MovieList;
			sourceTree = "<group>";
		};
		B6ABD1232400C844009B201F /* UI */ = {
			isa = PBXGroup;
			children = (
				B6ABD13E2400C9E1009B201F /* Components */,
				B6ABD1242400C844009B201F /* MovieListUI.xib */,
				B6ABD1252400C844009B201F /* MovieListUI.swift */,
			);
			path = UI;
			sourceTree = "<group>";
		};
		B6ABD1262400C844009B201F /* Contract */ = {
			isa = PBXGroup;
			children = (
				B6ABD1272400C844009B201F /* MovieListContract.swift */,
			);
			path = Contract;
			sourceTree = "<group>";
		};
		B6ABD1282400C844009B201F /* Entity */ = {
			isa = PBXGroup;
			children = (
				B6ABD1292400C844009B201F /* MovieListViewModel.swift */,
				B6ABD12A2400C844009B201F /* MovieListCellType.swift */,
				B6ABD12B2400C844009B201F /* CommonMovieListViewCellKind.swift */,
			);
			path = Entity;
			sourceTree = "<group>";
		};
		B6ABD12C2400C844009B201F /* Presenter */ = {
			isa = PBXGroup;
			children = (
				B6ABD12D2400C844009B201F /* MovieListPresenter.swift */,
			);
			path = Presenter;
			sourceTree = "<group>";
		};
		B6ABD12E2400C844009B201F /* Interactor */ = {
			isa = PBXGroup;
			children = (
				B6ABD12F2400C844009B201F /* MovieListInteractor.swift */,
			);
			path = Interactor;
			sourceTree = "<group>";
		};
		B6ABD1302400C844009B201F /* Router */ = {
			isa = PBXGroup;
			children = (
				B6ABD1312400C844009B201F /* MovieListRouter.swift */,
			);
			path = Router;
			sourceTree = "<group>";
		};
		B6ABD13B2400C877009B201F /* Components */ = {
			isa = PBXGroup;
			children = (
				B6ABD13C2400C883009B201F /* UIColor+Extensions.swift */,
				B6ABD1432400CB98009B201F /* UITableView+Extensions.swift */,
				B6ABD1472400CC16009B201F /* UIView+Extensions.swift */,
				B6ABD1492400CC5A009B201F /* GSView.swift */,
				B645BA75240126C700D01956 /* SwiftyToolTip.swift */,
				B6ABD14F2400E0E1009B201F /* UIImageView+Extensions.swift */,
			);
			path = Components;
			sourceTree = "<group>";
		};
		B6ABD13E2400C9E1009B201F /* Components */ = {
			isa = PBXGroup;
			children = (
				B6ABD13F2400C9FD009B201F /* MovieListTableViewCell.swift */,
				B6ABD1402400C9FD009B201F /* MovieListTableViewCell.xib */,
				B6ABD14D2400DC39009B201F /* MovieListTableViewCellViewModel.swift */,
			);
			path = Components;
			sourceTree = "<group>";
		};
/* End PBXGroup section */

/* Begin PBXNativeTarget section */
		B63CFF652400C32600FF6232 /* BisaMovie */ = {
			isa = PBXNativeTarget;
			buildConfigurationList = B63CFF902400C32B00FF6232 /* Build configuration list for PBXNativeTarget "BisaMovie" */;
			buildPhases = (
				993D0993FF2608416D7A7610 /* [CP] Check Pods Manifest.lock */,
				B63CFF622400C32600FF6232 /* Sources */,
				B63CFF632400C32600FF6232 /* Frameworks */,
				B63CFF642400C32600FF6232 /* Resources */,
				64E4AA9B3C08FB5FB53AC9CD /* [CP] Embed Pods Frameworks */,
			);
			buildRules = (
			);
			dependencies = (
			);
			name = BisaMovie;
			productName = BisaMovie;
			productReference = B63CFF662400C32600FF6232 /* BisaMovie.app */;
			productType = "com.apple.product-type.application";
		};
		B63CFF7B2400C32A00FF6232 /* BisaMovieTests */ = {
			isa = PBXNativeTarget;
			buildConfigurationList = B63CFF932400C32B00FF6232 /* Build configuration list for PBXNativeTarget "BisaMovieTests" */;
			buildPhases = (
				7BDCBBE35D54729A0A741BD0 /* [CP] Check Pods Manifest.lock */,
				B63CFF782400C32A00FF6232 /* Sources */,
				B63CFF792400C32A00FF6232 /* Frameworks */,
				B63CFF7A2400C32A00FF6232 /* Resources */,
			);
			buildRules = (
			);
			dependencies = (
				B63CFF7E2400C32A00FF6232 /* PBXTargetDependency */,
			);
			name = BisaMovieTests;
			productName = BisaMovieTests;
			productReference = B63CFF7C2400C32A00FF6232 /* BisaMovieTests.xctest */;
			productType = "com.apple.product-type.bundle.unit-test";
		};
		B63CFF862400C32B00FF6232 /* BisaMovieUITests */ = {
			isa = PBXNativeTarget;
			buildConfigurationList = B63CFF962400C32B00FF6232 /* Build configuration list for PBXNativeTarget "BisaMovieUITests" */;
			buildPhases = (
				8112F9913DA08013AA7741FD /* [CP] Check Pods Manifest.lock */,
				B63CFF832400C32B00FF6232 /* Sources */,
				B63CFF842400C32B00FF6232 /* Frameworks */,
				B63CFF852400C32B00FF6232 /* Resources */,
				0B90097F5D182F2E710935E8 /* [CP] Embed Pods Frameworks */,
			);
			buildRules = (
			);
			dependencies = (
				B63CFF892400C32B00FF6232 /* PBXTargetDependency */,
			);
			name = BisaMovieUITests;
			productName = BisaMovieUITests;
			productReference = B63CFF872400C32B00FF6232 /* BisaMovieUITests.xctest */;
			productType = "com.apple.product-type.bundle.ui-testing";
		};
/* End PBXNativeTarget section */

/* Begin PBXProject section */
		B63CFF5E2400C32600FF6232 /* Project object */ = {
			isa = PBXProject;
			attributes = {
				LastSwiftUpdateCheck = 1130;
				LastUpgradeCheck = 1130;
				ORGANIZATIONNAME = "Agus Cahyono";
				TargetAttributes = {
					B63CFF652400C32600FF6232 = {
						CreatedOnToolsVersion = 11.3.1;
					};
					B63CFF7B2400C32A00FF6232 = {
						CreatedOnToolsVersion = 11.3.1;
						TestTargetID = B63CFF652400C32600FF6232;
					};
					B63CFF862400C32B00FF6232 = {
						CreatedOnToolsVersion = 11.3.1;
						TestTargetID = B63CFF652400C32600FF6232;
					};
				};
			};
			buildConfigurationList = B63CFF612400C32600FF6232 /* Build configuration list for PBXProject "BisaMovie" */;
			compatibilityVersion = "Xcode 9.3";
			developmentRegion = en;
			hasScannedForEncodings = 0;
			knownRegions = (
				en,
				Base,
			);
			mainGroup = B63CFF5D2400C32600FF6232;
			productRefGroup = B63CFF672400C32600FF6232 /* Products */;
			projectDirPath = "";
			projectRoot = "";
			targets = (
				B63CFF652400C32600FF6232 /* BisaMovie */,
				B63CFF7B2400C32A00FF6232 /* BisaMovieTests */,
				B63CFF862400C32B00FF6232 /* BisaMovieUITests */,
			);
		};
/* End PBXProject section */

/* Begin PBXResourcesBuildPhase section */
		B63CFF642400C32600FF6232 /* Resources */ = {
			isa = PBXResourcesBuildPhase;
			buildActionMask = 2147483647;
			files = (
				B63CFF762400C32A00FF6232 /* LaunchScreen.storyboard in Resources */,
				B63CFF732400C32A00FF6232 /* Assets.xcassets in Resources */,
				B6ABD1422400C9FD009B201F /* MovieListTableViewCell.xib in Resources */,
				B60E44AD240150AC00854AEE /* MovieDetailTableViewCell.xib in Resources */,
				B645BA6A240102C200D01956 /* MovieDetailUI.xib in Resources */,
				B645BA8B24012A6A00D01956 /* MovieBookmarkUI.xib in Resources */,
				B6ABD1322400C844009B201F /* MovieListUI.xib in Resources */,
				B60E44A924014FF700854AEE /* ReviewListTableViewCell.xib in Resources */,
			);
			runOnlyForDeploymentPostprocessing = 0;
		};
		B63CFF7A2400C32A00FF6232 /* Resources */ = {
			isa = PBXResourcesBuildPhase;
			buildActionMask = 2147483647;
			files = (
			);
			runOnlyForDeploymentPostprocessing = 0;
		};
		B63CFF852400C32B00FF6232 /* Resources */ = {
			isa = PBXResourcesBuildPhase;
			buildActionMask = 2147483647;
			files = (
			);
			runOnlyForDeploymentPostprocessing = 0;
		};
/* End PBXResourcesBuildPhase section */

/* Begin PBXShellScriptBuildPhase section */
		0B90097F5D182F2E710935E8 /* [CP] Embed Pods Frameworks */ = {
			isa = PBXShellScriptBuildPhase;
			buildActionMask = 2147483647;
			files = (
			);
			inputFileListPaths = (
				"${PODS_ROOT}/Target Support Files/Pods-BisaMovie-BisaMovieUITests/Pods-BisaMovie-BisaMovieUITests-frameworks-${CONFIGURATION}-input-files.xcfilelist",
			);
			name = "[CP] Embed Pods Frameworks";
			outputFileListPaths = (
				"${PODS_ROOT}/Target Support Files/Pods-BisaMovie-BisaMovieUITests/Pods-BisaMovie-BisaMovieUITests-frameworks-${CONFIGURATION}-output-files.xcfilelist",
			);
			runOnlyForDeploymentPostprocessing = 0;
			shellPath = /bin/sh;
			shellScript = "\"${PODS_ROOT}/Target Support Files/Pods-BisaMovie-BisaMovieUITests/Pods-BisaMovie-BisaMovieUITests-frameworks.sh\"\n";
			showEnvVarsInLog = 0;
		};
		64E4AA9B3C08FB5FB53AC9CD /* [CP] Embed Pods Frameworks */ = {
			isa = PBXShellScriptBuildPhase;
			buildActionMask = 2147483647;
			files = (
			);
			inputFileListPaths = (
				"${PODS_ROOT}/Target Support Files/Pods-BisaMovie/Pods-BisaMovie-frameworks-${CONFIGURATION}-input-files.xcfilelist",
			);
			name = "[CP] Embed Pods Frameworks";
			outputFileListPaths = (
				"${PODS_ROOT}/Target Support Files/Pods-BisaMovie/Pods-BisaMovie-frameworks-${CONFIGURATION}-output-files.xcfilelist",
			);
			runOnlyForDeploymentPostprocessing = 0;
			shellPath = /bin/sh;
			shellScript = "\"${PODS_ROOT}/Target Support Files/Pods-BisaMovie/Pods-BisaMovie-frameworks.sh\"\n";
			showEnvVarsInLog = 0;
		};
		7BDCBBE35D54729A0A741BD0 /* [CP] Check Pods Manifest.lock */ = {
			isa = PBXShellScriptBuildPhase;
			buildActionMask = 2147483647;
			files = (
			);
			inputFileListPaths = (
			);
			inputPaths = (
				"${PODS_PODFILE_DIR_PATH}/Podfile.lock",
				"${PODS_ROOT}/Manifest.lock",
			);
			name = "[CP] Check Pods Manifest.lock";
			outputFileListPaths = (
			);
			outputPaths = (
				"$(DERIVED_FILE_DIR)/Pods-BisaMovieTests-checkManifestLockResult.txt",
			);
			runOnlyForDeploymentPostprocessing = 0;
			shellPath = /bin/sh;
			shellScript = "diff \"${PODS_PODFILE_DIR_PATH}/Podfile.lock\" \"${PODS_ROOT}/Manifest.lock\" > /dev/null\nif [ $? != 0 ] ; then\n    # print error to STDERR\n    echo \"error: The sandbox is not in sync with the Podfile.lock. Run 'pod install' or update your CocoaPods installation.\" >&2\n    exit 1\nfi\n# This output is used by Xcode 'outputs' to avoid re-running this script phase.\necho \"SUCCESS\" > \"${SCRIPT_OUTPUT_FILE_0}\"\n";
			showEnvVarsInLog = 0;
		};
		8112F9913DA08013AA7741FD /* [CP] Check Pods Manifest.lock */ = {
			isa = PBXShellScriptBuildPhase;
			buildActionMask = 2147483647;
			files = (
			);
			inputFileListPaths = (
			);
			inputPaths = (
				"${PODS_PODFILE_DIR_PATH}/Podfile.lock",
				"${PODS_ROOT}/Manifest.lock",
			);
			name = "[CP] Check Pods Manifest.lock";
			outputFileListPaths = (
			);
			outputPaths = (
				"$(DERIVED_FILE_DIR)/Pods-BisaMovie-BisaMovieUITests-checkManifestLockResult.txt",
			);
			runOnlyForDeploymentPostprocessing = 0;
			shellPath = /bin/sh;
			shellScript = "diff \"${PODS_PODFILE_DIR_PATH}/Podfile.lock\" \"${PODS_ROOT}/Manifest.lock\" > /dev/null\nif [ $? != 0 ] ; then\n    # print error to STDERR\n    echo \"error: The sandbox is not in sync with the Podfile.lock. Run 'pod install' or update your CocoaPods installation.\" >&2\n    exit 1\nfi\n# This output is used by Xcode 'outputs' to avoid re-running this script phase.\necho \"SUCCESS\" > \"${SCRIPT_OUTPUT_FILE_0}\"\n";
			showEnvVarsInLog = 0;
		};
		993D0993FF2608416D7A7610 /* [CP] Check Pods Manifest.lock */ = {
			isa = PBXShellScriptBuildPhase;
			buildActionMask = 2147483647;
			files = (
			);
			inputFileListPaths = (
			);
			inputPaths = (
				"${PODS_PODFILE_DIR_PATH}/Podfile.lock",
				"${PODS_ROOT}/Manifest.lock",
			);
			name = "[CP] Check Pods Manifest.lock";
			outputFileListPaths = (
			);
			outputPaths = (
				"$(DERIVED_FILE_DIR)/Pods-BisaMovie-checkManifestLockResult.txt",
			);
			runOnlyForDeploymentPostprocessing = 0;
			shellPath = /bin/sh;
			shellScript = "diff \"${PODS_PODFILE_DIR_PATH}/Podfile.lock\" \"${PODS_ROOT}/Manifest.lock\" > /dev/null\nif [ $? != 0 ] ; then\n    # print error to STDERR\n    echo \"error: The sandbox is not in sync with the Podfile.lock. Run 'pod install' or update your CocoaPods installation.\" >&2\n    exit 1\nfi\n# This output is used by Xcode 'outputs' to avoid re-running this script phase.\necho \"SUCCESS\" > \"${SCRIPT_OUTPUT_FILE_0}\"\n";
			showEnvVarsInLog = 0;
		};
/* End PBXShellScriptBuildPhase section */

/* Begin PBXSourcesBuildPhase section */
		B63CFF622400C32600FF6232 /* Sources */ = {
			isa = PBXSourcesBuildPhase;
			buildActionMask = 2147483647;
			files = (
				B645BA8C24012A6A00D01956 /* MovieBookmarkUI.swift in Sources */,
				B6ABD1372400C844009B201F /* CommonMovieListViewCellKind.swift in Sources */,
				B645BA8E24012A6A00D01956 /* CommonMovieBookmarkViewCellKind.swift in Sources */,
				B645BA76240126C700D01956 /* SwiftyToolTip.swift in Sources */,
				B645BA70240102C200D01956 /* MovieDetailInteractor.swift in Sources */,
				B60E44AC240150AC00854AEE /* MovieDetailTableViewCell.swift in Sources */,
				B60E44B82401657B00854AEE /* MovieReviewList.swift in Sources */,
				B645BA6E240102C200D01956 /* MovieDetailCellType.swift in Sources */,
				B60E44B42401587F00854AEE /* ReviewListTableViewCellViewModel.swift in Sources */,
				B6ABD1382400C844009B201F /* MovieListPresenter.swift in Sources */,
				B6ABD13D2400C883009B201F /* UIColor+Extensions.swift in Sources */,
				B645BA6D240102C200D01956 /* CommonMovieDetailViewCellKind.swift in Sources */,
				B6ABD11D2400C68C009B201F /* DataSource.swift in Sources */,
				B60E44B624015CD600854AEE /* Reusable.swift in Sources */,
				B645BA69240102C200D01956 /* MovieDetailUI.swift in Sources */,
				B645BA9324012A6A00D01956 /* MovieBookmarkRouter.swift in Sources */,
				B645BA6B240102C200D01956 /* MovieDetailContract.swift in Sources */,
				B645BA9024012A6A00D01956 /* MovieBookmarkCellType.swift in Sources */,
				B6ABD11B2400C68C009B201F /* HasApply.swift in Sources */,
				B63CFFAC2400C57500FF6232 /* APIRouter.swift in Sources */,
				B6ABD1332400C844009B201F /* MovieListUI.swift in Sources */,
				B6ABD14E2400DC39009B201F /* MovieListTableViewCellViewModel.swift in Sources */,
				B63CFFAD2400C57500FF6232 /* Constant.swift in Sources */,
				B645BA71240102C200D01956 /* MovieDetailRouter.swift in Sources */,
				B6ABD13A2400C844009B201F /* MovieListRouter.swift in Sources */,
				B63CFFA72400C57500FF6232 /* ContactStorage.swift in Sources */,
				B645BA782401286B00D01956 /* MovieStorage.swift in Sources */,
				B60E44B02401521A00854AEE /* MovieDetailTableViewCellViewModel.swift in Sources */,
				B63CFFAA2400C57500FF6232 /* APIConfiguration.swift in Sources */,
				B6ABD1502400E0E1009B201F /* UIImageView+Extensions.swift in Sources */,
				B645BA8D24012A6A00D01956 /* MovieBookmarkContract.swift in Sources */,
				B6ABD14A2400CC5A009B201F /* GSView.swift in Sources */,
				B6ABD1482400CC16009B201F /* UIView+Extensions.swift in Sources */,
				B60E44A824014FF700854AEE /* ReviewListTableViewCell.swift in Sources */,
				B645BA9124012A6A00D01956 /* MovieBookmarkPresenter.swift in Sources */,
				B645BA6C240102C200D01956 /* MovieDetailViewModel.swift in Sources */,
				B6ABD11A2400C68C009B201F /* PresentableView.swift in Sources */,
				B645BA9224012A6A00D01956 /* MovieBookmarkInteractor.swift in Sources */,
				B63CFF6A2400C32600FF6232 /* AppDelegate.swift in Sources */,
				B6ABD1442400CB98009B201F /* UITableView+Extensions.swift in Sources */,
				B6ABD14C2400D7A2009B201F /* MovieList.swift in Sources */,
				B645BA6F240102C200D01956 /* MovieDetailPresenter.swift in Sources */,
				B60E44B22401531700854AEE /* DetailMovie.swift in Sources */,
				B63CFFA62400C57500FF6232 /* Databaseable.swift in Sources */,
				B6ABD1412400C9FD009B201F /* MovieListTableViewCell.swift in Sources */,
				B6ABD1182400C68C009B201F /* CellConfigurable.swift in Sources */,
				B6ABD11E2400C68C009B201F /* ViewStateKind.swift in Sources */,
				B6ABD1362400C844009B201F /* MovieListCellType.swift in Sources */,
				B6ABD1192400C68C009B201F /* AlertableView.swift in Sources */,
				B6ABD1392400C844009B201F /* MovieListInteractor.swift in Sources */,
				B6ABD11C2400C68C009B201F /* CellRepresentable.swift in Sources */,
				B63CFFAB2400C57500FF6232 /* APIClient.swift in Sources */,
				B645BA8F24012A6A00D01956 /* MovieBookmarkViewModel.swift in Sources */,
				B6ABD1342400C844009B201F /* MovieListContract.swift in Sources */,
				B6ABD1352400C844009B201F /* MovieListViewModel.swift in Sources */,
			);
			runOnlyForDeploymentPostprocessing = 0;
		};
		B63CFF782400C32A00FF6232 /* Sources */ = {
			isa = PBXSourcesBuildPhase;
			buildActionMask = 2147483647;
			files = (
				B63CFF812400C32B00FF6232 /* BisaMovieTests.swift in Sources */,
			);
			runOnlyForDeploymentPostprocessing = 0;
		};
		B63CFF832400C32B00FF6232 /* Sources */ = {
			isa = PBXSourcesBuildPhase;
			buildActionMask = 2147483647;
			files = (
				B63CFF8C2400C32B00FF6232 /* BisaMovieUITests.swift in Sources */,
			);
			runOnlyForDeploymentPostprocessing = 0;
		};
/* End PBXSourcesBuildPhase section */

/* Begin PBXTargetDependency section */
		B63CFF7E2400C32A00FF6232 /* PBXTargetDependency */ = {
			isa = PBXTargetDependency;
			target = B63CFF652400C32600FF6232 /* BisaMovie */;
			targetProxy = B63CFF7D2400C32A00FF6232 /* PBXContainerItemProxy */;
		};
		B63CFF892400C32B00FF6232 /* PBXTargetDependency */ = {
			isa = PBXTargetDependency;
			target = B63CFF652400C32600FF6232 /* BisaMovie */;
			targetProxy = B63CFF882400C32B00FF6232 /* PBXContainerItemProxy */;
		};
/* End PBXTargetDependency section */

/* Begin PBXVariantGroup section */
		B63CFF742400C32A00FF6232 /* LaunchScreen.storyboard */ = {
			isa = PBXVariantGroup;
			children = (
				B63CFF752400C32A00FF6232 /* Base */,
			);
			name = LaunchScreen.storyboard;
			sourceTree = "<group>";
		};
/* End PBXVariantGroup section */

/* Begin XCBuildConfiguration section */
		B63CFF8E2400C32B00FF6232 /* Debug */ = {
			isa = XCBuildConfiguration;
			buildSettings = {
				ALWAYS_SEARCH_USER_PATHS = NO;
				CLANG_ANALYZER_NONNULL = YES;
				CLANG_ANALYZER_NUMBER_OBJECT_CONVERSION = YES_AGGRESSIVE;
				CLANG_CXX_LANGUAGE_STANDARD = "gnu++14";
				CLANG_CXX_LIBRARY = "libc++";
				CLANG_ENABLE_MODULES = YES;
				CLANG_ENABLE_OBJC_ARC = YES;
				CLANG_ENABLE_OBJC_WEAK = YES;
				CLANG_WARN_BLOCK_CAPTURE_AUTORELEASING = YES;
				CLANG_WARN_BOOL_CONVERSION = YES;
				CLANG_WARN_COMMA = YES;
				CLANG_WARN_CONSTANT_CONVERSION = YES;
				CLANG_WARN_DEPRECATED_OBJC_IMPLEMENTATIONS = YES;
				CLANG_WARN_DIRECT_OBJC_ISA_USAGE = YES_ERROR;
				CLANG_WARN_DOCUMENTATION_COMMENTS = YES;
				CLANG_WARN_EMPTY_BODY = YES;
				CLANG_WARN_ENUM_CONVERSION = YES;
				CLANG_WARN_INFINITE_RECURSION = YES;
				CLANG_WARN_INT_CONVERSION = YES;
				CLANG_WARN_NON_LITERAL_NULL_CONVERSION = YES;
				CLANG_WARN_OBJC_IMPLICIT_RETAIN_SELF = YES;
				CLANG_WARN_OBJC_LITERAL_CONVERSION = YES;
				CLANG_WARN_OBJC_ROOT_CLASS = YES_ERROR;
				CLANG_WARN_RANGE_LOOP_ANALYSIS = YES;
				CLANG_WARN_STRICT_PROTOTYPES = YES;
				CLANG_WARN_SUSPICIOUS_MOVE = YES;
				CLANG_WARN_UNGUARDED_AVAILABILITY = YES_AGGRESSIVE;
				CLANG_WARN_UNREACHABLE_CODE = YES;
				CLANG_WARN__DUPLICATE_METHOD_MATCH = YES;
				COPY_PHASE_STRIP = NO;
				DEBUG_INFORMATION_FORMAT = dwarf;
				ENABLE_STRICT_OBJC_MSGSEND = YES;
				ENABLE_TESTABILITY = YES;
				GCC_C_LANGUAGE_STANDARD = gnu11;
				GCC_DYNAMIC_NO_PIC = NO;
				GCC_NO_COMMON_BLOCKS = YES;
				GCC_OPTIMIZATION_LEVEL = 0;
				GCC_PREPROCESSOR_DEFINITIONS = (
					"DEBUG=1",
					"$(inherited)",
				);
				GCC_WARN_64_TO_32_BIT_CONVERSION = YES;
				GCC_WARN_ABOUT_RETURN_TYPE = YES_ERROR;
				GCC_WARN_UNDECLARED_SELECTOR = YES;
				GCC_WARN_UNINITIALIZED_AUTOS = YES_AGGRESSIVE;
				GCC_WARN_UNUSED_FUNCTION = YES;
				GCC_WARN_UNUSED_VARIABLE = YES;
				IPHONEOS_DEPLOYMENT_TARGET = 13.2;
				MTL_ENABLE_DEBUG_INFO = INCLUDE_SOURCE;
				MTL_FAST_MATH = YES;
				ONLY_ACTIVE_ARCH = YES;
				SDKROOT = iphoneos;
				SWIFT_ACTIVE_COMPILATION_CONDITIONS = DEBUG;
				SWIFT_OPTIMIZATION_LEVEL = "-Onone";
			};
			name = Debug;
		};
		B63CFF8F2400C32B00FF6232 /* Release */ = {
			isa = XCBuildConfiguration;
			buildSettings = {
				ALWAYS_SEARCH_USER_PATHS = NO;
				CLANG_ANALYZER_NONNULL = YES;
				CLANG_ANALYZER_NUMBER_OBJECT_CONVERSION = YES_AGGRESSIVE;
				CLANG_CXX_LANGUAGE_STANDARD = "gnu++14";
				CLANG_CXX_LIBRARY = "libc++";
				CLANG_ENABLE_MODULES = YES;
				CLANG_ENABLE_OBJC_ARC = YES;
				CLANG_ENABLE_OBJC_WEAK = YES;
				CLANG_WARN_BLOCK_CAPTURE_AUTORELEASING = YES;
				CLANG_WARN_BOOL_CONVERSION = YES;
				CLANG_WARN_COMMA = YES;
				CLANG_WARN_CONSTANT_CONVERSION = YES;
				CLANG_WARN_DEPRECATED_OBJC_IMPLEMENTATIONS = YES;
				CLANG_WARN_DIRECT_OBJC_ISA_USAGE = YES_ERROR;
				CLANG_WARN_DOCUMENTATION_COMMENTS = YES;
				CLANG_WARN_EMPTY_BODY = YES;
				CLANG_WARN_ENUM_CONVERSION = YES;
				CLANG_WARN_INFINITE_RECURSION = YES;
				CLANG_WARN_INT_CONVERSION = YES;
				CLANG_WARN_NON_LITERAL_NULL_CONVERSION = YES;
				CLANG_WARN_OBJC_IMPLICIT_RETAIN_SELF = YES;
				CLANG_WARN_OBJC_LITERAL_CONVERSION = YES;
				CLANG_WARN_OBJC_ROOT_CLASS = YES_ERROR;
				CLANG_WARN_RANGE_LOOP_ANALYSIS = YES;
				CLANG_WARN_STRICT_PROTOTYPES = YES;
				CLANG_WARN_SUSPICIOUS_MOVE = YES;
				CLANG_WARN_UNGUARDED_AVAILABILITY = YES_AGGRESSIVE;
				CLANG_WARN_UNREACHABLE_CODE = YES;
				CLANG_WARN__DUPLICATE_METHOD_MATCH = YES;
				COPY_PHASE_STRIP = NO;
				DEBUG_INFORMATION_FORMAT = "dwarf-with-dsym";
				ENABLE_NS_ASSERTIONS = NO;
				ENABLE_STRICT_OBJC_MSGSEND = YES;
				GCC_C_LANGUAGE_STANDARD = gnu11;
				GCC_NO_COMMON_BLOCKS = YES;
				GCC_WARN_64_TO_32_BIT_CONVERSION = YES;
				GCC_WARN_ABOUT_RETURN_TYPE = YES_ERROR;
				GCC_WARN_UNDECLARED_SELECTOR = YES;
				GCC_WARN_UNINITIALIZED_AUTOS = YES_AGGRESSIVE;
				GCC_WARN_UNUSED_FUNCTION = YES;
				GCC_WARN_UNUSED_VARIABLE = YES;
				IPHONEOS_DEPLOYMENT_TARGET = 13.2;
				MTL_ENABLE_DEBUG_INFO = NO;
				MTL_FAST_MATH = YES;
				SDKROOT = iphoneos;
				SWIFT_COMPILATION_MODE = wholemodule;
				SWIFT_OPTIMIZATION_LEVEL = "-O";
				VALIDATE_PRODUCT = YES;
			};
			name = Release;
		};
		B63CFF912400C32B00FF6232 /* Debug */ = {
			isa = XCBuildConfiguration;
			baseConfigurationReference = 2F915F18A87303BF561FBB55 /* Pods-BisaMovie.debug.xcconfig */;
			buildSettings = {
				ALWAYS_EMBED_SWIFT_STANDARD_LIBRARIES = "$(inherited)";
				ASSETCATALOG_COMPILER_APPICON_NAME = AppIcon;
				CODE_SIGN_STYLE = Automatic;
				DEVELOPMENT_TEAM = X4Y2DQ8XJB;
				INFOPLIST_FILE = BisaMovie/Info.plist;
				IPHONEOS_DEPLOYMENT_TARGET = 13.0;
				LD_RUNPATH_SEARCH_PATHS = (
					"$(inherited)",
					"@executable_path/Frameworks",
				);
				PRODUCT_BUNDLE_IDENTIFIER = id.masagus.BisaMovie;
				PRODUCT_NAME = "$(TARGET_NAME)";
				SWIFT_VERSION = 5.0;
				TARGETED_DEVICE_FAMILY = 1;
			};
			name = Debug;
		};
		B63CFF922400C32B00FF6232 /* Release */ = {
			isa = XCBuildConfiguration;
			baseConfigurationReference = 51ED29F3522132E81411867B /* Pods-BisaMovie.release.xcconfig */;
			buildSettings = {
				ALWAYS_EMBED_SWIFT_STANDARD_LIBRARIES = "$(inherited)";
				ASSETCATALOG_COMPILER_APPICON_NAME = AppIcon;
				CODE_SIGN_STYLE = Automatic;
				DEVELOPMENT_TEAM = X4Y2DQ8XJB;
				INFOPLIST_FILE = BisaMovie/Info.plist;
				IPHONEOS_DEPLOYMENT_TARGET = 13.0;
				LD_RUNPATH_SEARCH_PATHS = (
					"$(inherited)",
					"@executable_path/Frameworks",
				);
				PRODUCT_BUNDLE_IDENTIFIER = id.masagus.BisaMovie;
				PRODUCT_NAME = "$(TARGET_NAME)";
				SWIFT_VERSION = 5.0;
				TARGETED_DEVICE_FAMILY = 1;
			};
			name = Release;
		};
		B63CFF942400C32B00FF6232 /* Debug */ = {
			isa = XCBuildConfiguration;
			baseConfigurationReference = FAE8A716C2C98C97FF2FB0C6 /* Pods-BisaMovieTests.debug.xcconfig */;
			buildSettings = {
				ALWAYS_EMBED_SWIFT_STANDARD_LIBRARIES = "$(inherited)";
				BUNDLE_LOADER = "$(TEST_HOST)";
				CODE_SIGN_STYLE = Automatic;
				INFOPLIST_FILE = BisaMovieTests/Info.plist;
				IPHONEOS_DEPLOYMENT_TARGET = 13.2;
				LD_RUNPATH_SEARCH_PATHS = (
					"$(inherited)",
					"@executable_path/Frameworks",
					"@loader_path/Frameworks",
				);
				PRODUCT_BUNDLE_IDENTIFIER = id.masagus.BisaMovieTests;
				PRODUCT_NAME = "$(TARGET_NAME)";
				SWIFT_VERSION = 5.0;
				TARGETED_DEVICE_FAMILY = "1,2";
				TEST_HOST = "$(BUILT_PRODUCTS_DIR)/BisaMovie.app/BisaMovie";
			};
			name = Debug;
		};
		B63CFF952400C32B00FF6232 /* Release */ = {
			isa = XCBuildConfiguration;
			baseConfigurationReference = 2BC922491F6F7821E4C2E90D /* Pods-BisaMovieTests.release.xcconfig */;
			buildSettings = {
				ALWAYS_EMBED_SWIFT_STANDARD_LIBRARIES = "$(inherited)";
				BUNDLE_LOADER = "$(TEST_HOST)";
				CODE_SIGN_STYLE = Automatic;
				INFOPLIST_FILE = BisaMovieTests/Info.plist;
				IPHONEOS_DEPLOYMENT_TARGET = 13.2;
				LD_RUNPATH_SEARCH_PATHS = (
					"$(inherited)",
					"@executable_path/Frameworks",
					"@loader_path/Frameworks",
				);
				PRODUCT_BUNDLE_IDENTIFIER = id.masagus.BisaMovieTests;
				PRODUCT_NAME = "$(TARGET_NAME)";
				SWIFT_VERSION = 5.0;
				TARGETED_DEVICE_FAMILY = "1,2";
				TEST_HOST = "$(BUILT_PRODUCTS_DIR)/BisaMovie.app/BisaMovie";
			};
			name = Release;
		};
		B63CFF972400C32B00FF6232 /* Debug */ = {
			isa = XCBuildConfiguration;
			baseConfigurationReference = 599E0899B58786896E1A1A35 /* Pods-BisaMovie-BisaMovieUITests.debug.xcconfig */;
			buildSettings = {
				ALWAYS_EMBED_SWIFT_STANDARD_LIBRARIES = "$(inherited)";
				CODE_SIGN_STYLE = Automatic;
				INFOPLIST_FILE = BisaMovieUITests/Info.plist;
				LD_RUNPATH_SEARCH_PATHS = (
					"$(inherited)",
					"@executable_path/Frameworks",
					"@loader_path/Frameworks",
				);
				PRODUCT_BUNDLE_IDENTIFIER = id.masagus.BisaMovieUITests;
				PRODUCT_NAME = "$(TARGET_NAME)";
				SWIFT_VERSION = 5.0;
				TARGETED_DEVICE_FAMILY = "1,2";
				TEST_TARGET_NAME = BisaMovie;
			};
			name = Debug;
		};
		B63CFF982400C32B00FF6232 /* Release */ = {
			isa = XCBuildConfiguration;
			baseConfigurationReference = C33C3DAD5DDFA3C7FD9C007D /* Pods-BisaMovie-BisaMovieUITests.release.xcconfig */;
			buildSettings = {
				ALWAYS_EMBED_SWIFT_STANDARD_LIBRARIES = "$(inherited)";
				CODE_SIGN_STYLE = Automatic;
				INFOPLIST_FILE = BisaMovieUITests/Info.plist;
				LD_RUNPATH_SEARCH_PATHS = (
					"$(inherited)",
					"@executable_path/Frameworks",
					"@loader_path/Frameworks",
				);
				PRODUCT_BUNDLE_IDENTIFIER = id.masagus.BisaMovieUITests;
				PRODUCT_NAME = "$(TARGET_NAME)";
				SWIFT_VERSION = 5.0;
				TARGETED_DEVICE_FAMILY = "1,2";
				TEST_TARGET_NAME = BisaMovie;
			};
			name = Release;
		};
/* End XCBuildConfiguration section */

/* Begin XCConfigurationList section */
		B63CFF612400C32600FF6232 /* Build configuration list for PBXProject "BisaMovie" */ = {
			isa = XCConfigurationList;
			buildConfigurations = (
				B63CFF8E2400C32B00FF6232 /* Debug */,
				B63CFF8F2400C32B00FF6232 /* Release */,
			);
			defaultConfigurationIsVisible = 0;
			defaultConfigurationName = Release;
		};
		B63CFF902400C32B00FF6232 /* Build configuration list for PBXNativeTarget "BisaMovie" */ = {
			isa = XCConfigurationList;
			buildConfigurations = (
				B63CFF912400C32B00FF6232 /* Debug */,
				B63CFF922400C32B00FF6232 /* Release */,
			);
			defaultConfigurationIsVisible = 0;
			defaultConfigurationName = Release;
		};
		B63CFF932400C32B00FF6232 /* Build configuration list for PBXNativeTarget "BisaMovieTests" */ = {
			isa = XCConfigurationList;
			buildConfigurations = (
				B63CFF942400C32B00FF6232 /* Debug */,
				B63CFF952400C32B00FF6232 /* Release */,
			);
			defaultConfigurationIsVisible = 0;
			defaultConfigurationName = Release;
		};
		B63CFF962400C32B00FF6232 /* Build configuration list for PBXNativeTarget "BisaMovieUITests" */ = {
			isa = XCConfigurationList;
			buildConfigurations = (
				B63CFF972400C32B00FF6232 /* Debug */,
				B63CFF982400C32B00FF6232 /* Release */,
			);
			defaultConfigurationIsVisible = 0;
			defaultConfigurationName = Release;
		};
/* End XCConfigurationList section */
	};
	rootObject = B63CFF5E2400C32600FF6232 /* Project object */;
}
